{
  "version": 4,
  "terraform_version": "1.11.3",
  "serial": 99,
  "lineage": "6e1b1dc4-a82c-90f1-a74c-bea4510a0c48",
  "outputs": {
    "backend_instance_id": {
      "value": "i-0aa18e18e2160379e",
      "type": "string"
    },
    "private_subnet_ids": {
      "value": [
        "subnet-04297868e2ca3b7cc",
        "subnet-0794b60f12c4dea66"
      ],
      "type": [
        "tuple",
        [
          "string",
          "string"
        ]
      ]
    },
    "public_subnet_ids": {
      "value": [
        "subnet-01b1d1bd88434aa42",
        "subnet-08e73a97740aee9dd"
      ],
      "type": [
        "tuple",
        [
          "string",
          "string"
        ]
      ]
    },
    "vpc_id": {
      "value": "vpc-087bb9b177bfc8ef5",
      "type": "string"
    }
  },
  "resources": [
    {
      "mode": "data",
      "type": "aws_ami",
      "name": "ubuntu",
      "provider": "provider[\"registry.terraform.io/hashicorp/aws\"]",
      "instances": [
        {
          "schema_version": 0,
          "attributes": {
            "architecture": "x86_64",
            "arn": "arn:aws:ec2:eu-west-2::image/ami-02d2482ef27d95645",
            "block_device_mappings": [
              {
                "device_name": "/dev/sda1",
                "ebs": {
                  "delete_on_termination": "true",
                  "encrypted": "false",
                  "iops": "0",
                  "snapshot_id": "snap-00fe7179010ee4738",
                  "throughput": "0",
                  "volume_size": "8",
                  "volume_type": "gp2"
                },
                "no_device": "",
                "virtual_name": ""
              },
              {
                "device_name": "/dev/sdb",
                "ebs": {},
                "no_device": "",
                "virtual_name": "ephemeral0"
              },
              {
                "device_name": "/dev/sdc",
                "ebs": {},
                "no_device": "",
                "virtual_name": "ephemeral1"
              }
            ],
            "boot_mode": "uefi-preferred",
            "creation_date": "2025-04-19T06:40:54.000Z",
            "deprecation_time": "2027-04-19T06:40:54.000Z",
            "description": "Canonical, Ubuntu, 22.04, amd64 jammy image",
            "ena_support": true,
            "executable_users": null,
            "filter": [
              {
                "name": "name",
                "values": [
                  "ubuntu/images/hvm-ssd/ubuntu-jammy-22.04-amd64-server-*"
                ]
              },
              {
                "name": "virtualization-type",
                "values": [
                  "hvm"
                ]
              }
            ],
            "hypervisor": "xen",
            "id": "ami-02d2482ef27d95645",
            "image_id": "ami-02d2482ef27d95645",
            "image_location": "amazon/ubuntu/images/hvm-ssd/ubuntu-jammy-22.04-amd64-server-20250419",
            "image_owner_alias": "amazon",
            "image_type": "machine",
            "imds_support": "",
            "include_deprecated": false,
            "kernel_id": "",
            "last_launched_time": "",
            "most_recent": true,
            "name": "ubuntu/images/hvm-ssd/ubuntu-jammy-22.04-amd64-server-20250419",
            "name_regex": null,
            "owner_id": "099720109477",
            "owners": [
              "099720109477"
            ],
            "platform": "",
            "platform_details": "Linux/UNIX",
            "product_codes": [],
            "public": true,
            "ramdisk_id": "",
            "root_device_name": "/dev/sda1",
            "root_device_type": "ebs",
            "root_snapshot_id": "snap-00fe7179010ee4738",
            "sriov_net_support": "simple",
            "state": "available",
            "state_reason": {
              "code": "UNSET",
              "message": "UNSET"
            },
            "tags": {},
            "timeouts": null,
            "tpm_support": "",
            "uefi_data": null,
            "usage_operation": "RunInstances",
            "virtualization_type": "hvm"
          },
          "sensitive_attributes": []
        }
      ]
    },
    {
      "mode": "data",
      "type": "aws_availability_zones",
      "name": "available",
      "provider": "provider[\"registry.terraform.io/hashicorp/aws\"]",
      "instances": [
        {
          "schema_version": 0,
          "attributes": {
            "all_availability_zones": null,
            "exclude_names": null,
            "exclude_zone_ids": null,
            "filter": null,
            "group_names": [
              "eu-west-2-zg-1"
            ],
            "id": "eu-west-2",
            "names": [
              "eu-west-2a",
              "eu-west-2b",
              "eu-west-2c"
            ],
            "state": null,
            "timeouts": null,
            "zone_ids": [
              "euw2-az2",
              "euw2-az3",
              "euw2-az1"
            ]
          },
          "sensitive_attributes": []
        }
      ]
    },
    {
      "mode": "managed",
      "type": "aws_iam_instance_profile",
      "name": "ssm_profile",
      "provider": "provider[\"registry.terraform.io/hashicorp/aws\"]",
      "instances": [
        {
          "schema_version": 0,
          "attributes": {
            "arn": "arn:aws:iam::891377361231:instance-profile/backend-ssm-profile",
            "create_date": "2025-04-24T00:48:16Z",
            "id": "backend-ssm-profile",
            "name": "backend-ssm-profile",
            "name_prefix": "",
            "path": "/",
            "role": "backend-ssm-role",
            "tags": {},
            "tags_all": {},
            "unique_id": "AIPA47CR3EFHSIR4C4FVW"
          },
          "sensitive_attributes": [],
          "private": "bnVsbA==",
          "dependencies": [
            "aws_iam_role.ssm_role"
          ]
        }
      ]
    },
    {
      "mode": "managed",
      "type": "aws_iam_role",
      "name": "ssm_role",
      "provider": "provider[\"registry.terraform.io/hashicorp/aws\"]",
      "instances": [
        {
          "schema_version": 0,
          "attributes": {
            "arn": "arn:aws:iam::891377361231:role/backend-ssm-role",
            "assume_role_policy": "{\"Statement\":[{\"Action\":\"sts:AssumeRole\",\"Effect\":\"Allow\",\"Principal\":{\"Service\":\"ec2.amazonaws.com\"}}],\"Version\":\"2012-10-17\"}",
            "create_date": "2025-04-24T00:48:15Z",
            "description": "",
            "force_detach_policies": false,
            "id": "backend-ssm-role",
            "inline_policy": [],
            "managed_policy_arns": [
              "arn:aws:iam::aws:policy/AmazonSSMManagedInstanceCore"
            ],
            "max_session_duration": 3600,
            "name": "backend-ssm-role",
            "name_prefix": "",
            "path": "/",
            "permissions_boundary": "",
            "tags": {},
            "tags_all": {},
            "unique_id": "AROA47CR3EFHW2NSTAFVU"
          },
          "sensitive_attributes": [],
          "private": "bnVsbA=="
        }
      ]
    },
    {
      "mode": "managed",
      "type": "aws_iam_role_policy_attachment",
      "name": "ssm_policy",
      "provider": "provider[\"registry.terraform.io/hashicorp/aws\"]",
      "instances": [
        {
          "schema_version": 0,
          "attributes": {
            "id": "backend-ssm-role-20250424004816100400000001",
            "policy_arn": "arn:aws:iam::aws:policy/AmazonSSMManagedInstanceCore",
            "role": "backend-ssm-role"
          },
          "sensitive_attributes": [],
          "private": "bnVsbA==",
          "dependencies": [
            "aws_iam_role.ssm_role"
          ]
        }
      ]
    },
    {
      "mode": "managed",
      "type": "aws_instance",
      "name": "backend",
      "provider": "provider[\"registry.terraform.io/hashicorp/aws\"]",
      "instances": [
        {
          "schema_version": 1,
          "attributes": {
            "ami": "ami-02d2482ef27d95645",
            "arn": "arn:aws:ec2:eu-west-2:891377361231:instance/i-0aa18e18e2160379e",
            "associate_public_ip_address": false,
            "availability_zone": "eu-west-2a",
            "capacity_reservation_specification": [
              {
                "capacity_reservation_preference": "open",
                "capacity_reservation_target": []
              }
            ],
            "cpu_core_count": 1,
            "cpu_options": [
              {
                "amd_sev_snp": "",
                "core_count": 1,
                "threads_per_core": 2
              }
            ],
            "cpu_threads_per_core": 2,
            "credit_specification": [
              {
                "cpu_credits": "unlimited"
              }
            ],
            "disable_api_stop": false,
            "disable_api_termination": false,
            "ebs_block_device": [],
            "ebs_optimized": false,
            "enable_primary_ipv6": null,
            "enclave_options": [
              {
                "enabled": false
              }
            ],
            "ephemeral_block_device": [],
            "get_password_data": false,
            "hibernation": false,
            "host_id": "",
            "host_resource_group_arn": null,
            "iam_instance_profile": "backend-ssm-profile",
            "id": "i-0aa18e18e2160379e",
            "instance_initiated_shutdown_behavior": "stop",
            "instance_lifecycle": "",
            "instance_market_options": [],
            "instance_state": "running",
            "instance_type": "t3.micro",
            "ipv6_address_count": 0,
            "ipv6_addresses": [],
            "key_name": "ec2-bastion-key-pair",
            "launch_template": [],
            "maintenance_options": [
              {
                "auto_recovery": "default"
              }
            ],
            "metadata_options": [
              {
                "http_endpoint": "enabled",
                "http_protocol_ipv6": "disabled",
                "http_put_response_hop_limit": 1,
                "http_tokens": "optional",
                "instance_metadata_tags": "disabled"
              }
            ],
            "monitoring": false,
            "network_interface": [],
            "outpost_arn": "",
            "password_data": "",
            "placement_group": "",
            "placement_partition_number": 0,
            "primary_network_interface_id": "eni-0c15a73f6881dfb03",
            "private_dns": "ip-10-0-3-144.eu-west-2.compute.internal",
            "private_dns_name_options": [
              {
                "enable_resource_name_dns_a_record": false,
                "enable_resource_name_dns_aaaa_record": false,
                "hostname_type": "ip-name"
              }
            ],
            "private_ip": "10.0.3.144",
            "public_dns": "",
            "public_ip": "",
            "root_block_device": [
              {
                "delete_on_termination": true,
                "device_name": "/dev/sda1",
                "encrypted": false,
                "iops": 100,
                "kms_key_id": "",
                "tags": {},
                "tags_all": {},
                "throughput": 0,
                "volume_id": "vol-097f119b676b32325",
                "volume_size": 8,
                "volume_type": "gp2"
              }
            ],
            "secondary_private_ips": [],
            "security_groups": [],
            "source_dest_check": true,
            "spot_instance_request_id": "",
            "subnet_id": "subnet-04297868e2ca3b7cc",
            "tags": {
              "Name": "backend-server"
            },
            "tags_all": {
              "Name": "backend-server"
            },
            "tenancy": "default",
            "timeouts": null,
            "user_data": "41f0da80bd0fee4be683a1c5cf5e4a881a2fe549",
            "user_data_base64": null,
            "user_data_replace_on_change": false,
            "volume_tags": null,
            "vpc_security_group_ids": [
              "sg-0bfbd423bf88fc5a0"
            ]
          },
          "sensitive_attributes": [],
          "private": "eyJlMmJmYjczMC1lY2FhLTExZTYtOGY4OC0zNDM2M2JjN2M0YzAiOnsiY3JlYXRlIjo2MDAwMDAwMDAwMDAsImRlbGV0ZSI6MTIwMDAwMDAwMDAwMCwicmVhZCI6OTAwMDAwMDAwMDAwLCJ1cGRhdGUiOjYwMDAwMDAwMDAwMH0sInNjaGVtYV92ZXJzaW9uIjoiMSJ9",
          "dependencies": [
            "aws_iam_instance_profile.ssm_profile",
            "aws_iam_role.ssm_role",
            "aws_key_pair.ec2-bastion-host-key",
            "aws_security_group.backend_sg",
            "aws_subnet.private",
            "aws_vpc.main",
            "data.aws_ami.ubuntu",
            "data.aws_availability_zones.available",
            "local_file.ec2-bastion-host-public-key",
            "tls_private_key.ec2-bastion-host-key-pair"
          ]
        }
      ]
    },
    {
      "mode": "managed",
      "type": "aws_internet_gateway",
      "name": "igw",
      "provider": "provider[\"registry.terraform.io/hashicorp/aws\"]",
      "instances": [
        {
          "schema_version": 0,
          "attributes": {
            "arn": "arn:aws:ec2:eu-west-2:891377361231:internet-gateway/igw-0fa0861630003d5df",
            "id": "igw-0fa0861630003d5df",
            "owner_id": "891377361231",
            "tags": {
              "Environment": "staging",
              "Name": "backend-igw"
            },
            "tags_all": {
              "Environment": "staging",
              "Name": "backend-igw"
            },
            "timeouts": null,
            "vpc_id": "vpc-087bb9b177bfc8ef5"
          },
          "sensitive_attributes": [],
          "private": "eyJlMmJmYjczMC1lY2FhLTExZTYtOGY4OC0zNDM2M2JjN2M0YzAiOnsiY3JlYXRlIjoxMjAwMDAwMDAwMDAwLCJkZWxldGUiOjEyMDAwMDAwMDAwMDAsInVwZGF0ZSI6MTIwMDAwMDAwMDAwMH19",
          "dependencies": [
            "aws_vpc.main"
          ]
        }
      ]
    },
    {
      "mode": "managed",
      "type": "aws_key_pair",
      "name": "ec2-bastion-host-key",
      "provider": "provider[\"registry.terraform.io/hashicorp/aws\"]",
      "instances": [
        {
          "schema_version": 1,
          "attributes": {
            "arn": "arn:aws:ec2:eu-west-2:891377361231:key-pair/ec2-bastion-key-pair",
            "fingerprint": "7c:c7:bc:72:55:9f:dd:58:33:ef:12:c5:70:26:52:a0",
            "id": "ec2-bastion-key-pair",
            "key_name": "ec2-bastion-key-pair",
            "key_name_prefix": "",
            "key_pair_id": "key-0c01bfa826032f830",
            "key_type": "rsa",
            "public_key": "ssh-rsa AAAAB3NzaC1yc2EAAAADAQABAAACAQDlf0KEVySWWzl2vy9cL4YhJAnXr0U/Yg4eU9IWsc3jKZeCnOg7gehV++pdgjHykMn8tSqxlc62CLWzKfTaCU/Hit7xvjj6WHJdn9yuZJc9b/Gq3pxbnn4uXJXIHvsWDJ6BD3DirSJE8AC1az2B1XNpHC4ltJPn2ofBQbDMOyW/4LFxYtvYwMyvOdhCQ5KX4Tuk4KneGA2aNFOzixqY0giVzi4/7qIXsC0sT4+VrhXJFB0D2WpJm+J8E6V39GTfKCdH96DNH91djGVxy4ObG4vHypNfNkqagqVo7YYMUv+0gGmtyRj1jiGIInR4iWbMkObg/yfXiML9OzJ5xAgxE8Wo8+uMHGObws9knxWN/pN7GpbLUD6Xk7R3s1H0HfzXuSHT9kVQgQMGh5i+vH7Z2RbMSfPWY8bRP7narLjQdKM8YWijFYKe2ft3GJWl3s2srgxMsKT1R0rAmq0DoqJsK6vT6Wx0O2BtAeRDRL4Eg8pfiEQcb4mkLX7y7Df0yjDmiqWpNutIDVgiMRqOMXkUp7GykGbhmOgzwKyasfTPxs2dTZDkWvQrfg1XIx+RxNWgIuuFXeP0ekWP/vnzX0NcvNiKAEPiWUc1KhPCQZJPo9+5H6ET2nbKcMI5KoVEIzlTGXooe1Q4fpb8h3pX5enjfcMLzwWCv3sBCx02PUhq/EN4LQ==",
            "tags": {},
            "tags_all": {}
          },
          "sensitive_attributes": [],
          "private": "eyJzY2hlbWFfdmVyc2lvbiI6IjEifQ==",
          "dependencies": [
            "local_file.ec2-bastion-host-public-key",
            "tls_private_key.ec2-bastion-host-key-pair"
          ]
        }
      ]
    },
    {
      "mode": "managed",
      "type": "aws_route",
      "name": "default_route",
      "provider": "provider[\"registry.terraform.io/hashicorp/aws\"]",
      "instances": [
        {
          "schema_version": 0,
          "attributes": {
            "carrier_gateway_id": "",
            "core_network_arn": "",
            "destination_cidr_block": "0.0.0.0/0",
            "destination_ipv6_cidr_block": "",
            "destination_prefix_list_id": "",
            "egress_only_gateway_id": "",
            "gateway_id": "igw-0fa0861630003d5df",
            "id": "r-rtb-033101087762546dc1080289494",
            "instance_id": "",
            "instance_owner_id": "",
            "local_gateway_id": "",
            "nat_gateway_id": "",
            "network_interface_id": "",
            "origin": "CreateRoute",
            "route_table_id": "rtb-033101087762546dc",
            "state": "active",
            "timeouts": null,
            "transit_gateway_id": "",
            "vpc_endpoint_id": "",
            "vpc_peering_connection_id": ""
          },
          "sensitive_attributes": [],
          "private": "eyJlMmJmYjczMC1lY2FhLTExZTYtOGY4OC0zNDM2M2JjN2M0YzAiOnsiY3JlYXRlIjozMDAwMDAwMDAwMDAsImRlbGV0ZSI6MzAwMDAwMDAwMDAwLCJ1cGRhdGUiOjEyMDAwMDAwMDAwMH19",
          "dependencies": [
            "aws_internet_gateway.igw",
            "aws_route_table.public",
            "aws_vpc.main"
          ]
        }
      ]
    },
    {
      "mode": "managed",
      "type": "aws_route_table",
      "name": "private",
      "provider": "provider[\"registry.terraform.io/hashicorp/aws\"]",
      "instances": [
        {
          "schema_version": 0,
          "attributes": {
            "arn": "arn:aws:ec2:eu-west-2:891377361231:route-table/rtb-088ff660b21cd659a",
            "id": "rtb-088ff660b21cd659a",
            "owner_id": "891377361231",
            "propagating_vgws": [],
            "route": [],
            "tags": {
              "Environment": "staging",
              "Name": "i-one-route"
            },
            "tags_all": {
              "Environment": "staging",
              "Name": "i-one-route"
            },
            "timeouts": null,
            "vpc_id": "vpc-087bb9b177bfc8ef5"
          },
          "sensitive_attributes": [],
          "private": "eyJlMmJmYjczMC1lY2FhLTExZTYtOGY4OC0zNDM2M2JjN2M0YzAiOnsiY3JlYXRlIjozMDAwMDAwMDAwMDAsImRlbGV0ZSI6MzAwMDAwMDAwMDAwLCJ1cGRhdGUiOjEyMDAwMDAwMDAwMH19",
          "dependencies": [
            "aws_vpc.main"
          ]
        }
      ]
    },
    {
      "mode": "managed",
      "type": "aws_route_table",
      "name": "public",
      "provider": "provider[\"registry.terraform.io/hashicorp/aws\"]",
      "instances": [
        {
          "schema_version": 0,
          "attributes": {
            "arn": "arn:aws:ec2:eu-west-2:891377361231:route-table/rtb-033101087762546dc",
            "id": "rtb-033101087762546dc",
            "owner_id": "891377361231",
            "propagating_vgws": [],
            "route": [
              {
                "carrier_gateway_id": "",
                "cidr_block": "0.0.0.0/0",
                "core_network_arn": "",
                "destination_prefix_list_id": "",
                "egress_only_gateway_id": "",
                "gateway_id": "igw-0fa0861630003d5df",
                "ipv6_cidr_block": "",
                "local_gateway_id": "",
                "nat_gateway_id": "",
                "network_interface_id": "",
                "transit_gateway_id": "",
                "vpc_endpoint_id": "",
                "vpc_peering_connection_id": ""
              }
            ],
            "tags": {
              "Environment": "staging",
              "Name": "i-one-route"
            },
            "tags_all": {
              "Environment": "staging",
              "Name": "i-one-route"
            },
            "timeouts": null,
            "vpc_id": "vpc-087bb9b177bfc8ef5"
          },
          "sensitive_attributes": [],
          "private": "eyJlMmJmYjczMC1lY2FhLTExZTYtOGY4OC0zNDM2M2JjN2M0YzAiOnsiY3JlYXRlIjozMDAwMDAwMDAwMDAsImRlbGV0ZSI6MzAwMDAwMDAwMDAwLCJ1cGRhdGUiOjEyMDAwMDAwMDAwMH19",
          "dependencies": [
            "aws_vpc.main"
          ]
        }
      ]
    },
    {
      "mode": "managed",
      "type": "aws_route_table_association",
      "name": "private",
      "provider": "provider[\"registry.terraform.io/hashicorp/aws\"]",
      "instances": [
        {
          "index_key": 0,
          "schema_version": 0,
          "attributes": {
            "gateway_id": "",
            "id": "rtbassoc-0c0354c4cfc91f922",
            "route_table_id": "rtb-088ff660b21cd659a",
            "subnet_id": "subnet-04297868e2ca3b7cc",
            "timeouts": null
          },
          "sensitive_attributes": [],
          "private": "eyJlMmJmYjczMC1lY2FhLTExZTYtOGY4OC0zNDM2M2JjN2M0YzAiOnsiY3JlYXRlIjozMDAwMDAwMDAwMDAsImRlbGV0ZSI6MzAwMDAwMDAwMDAwLCJ1cGRhdGUiOjEyMDAwMDAwMDAwMH19",
          "dependencies": [
            "aws_route_table.private",
            "aws_subnet.private",
            "aws_vpc.main",
            "data.aws_availability_zones.available"
          ]
        },
        {
          "index_key": 1,
          "schema_version": 0,
          "attributes": {
            "gateway_id": "",
            "id": "rtbassoc-0ca554cae26b5f81d",
            "route_table_id": "rtb-088ff660b21cd659a",
            "subnet_id": "subnet-0794b60f12c4dea66",
            "timeouts": null
          },
          "sensitive_attributes": [],
          "private": "eyJlMmJmYjczMC1lY2FhLTExZTYtOGY4OC0zNDM2M2JjN2M0YzAiOnsiY3JlYXRlIjozMDAwMDAwMDAwMDAsImRlbGV0ZSI6MzAwMDAwMDAwMDAwLCJ1cGRhdGUiOjEyMDAwMDAwMDAwMH19",
          "dependencies": [
            "aws_route_table.private",
            "aws_subnet.private",
            "aws_vpc.main",
            "data.aws_availability_zones.available"
          ]
        }
      ]
    },
    {
      "mode": "managed",
      "type": "aws_route_table_association",
      "name": "public",
      "provider": "provider[\"registry.terraform.io/hashicorp/aws\"]",
      "instances": [
        {
          "index_key": 0,
          "schema_version": 0,
          "attributes": {
            "gateway_id": "",
            "id": "rtbassoc-0dd82c7bbff6b54ed",
            "route_table_id": "rtb-033101087762546dc",
            "subnet_id": "subnet-01b1d1bd88434aa42",
            "timeouts": null
          },
          "sensitive_attributes": [],
          "private": "eyJlMmJmYjczMC1lY2FhLTExZTYtOGY4OC0zNDM2M2JjN2M0YzAiOnsiY3JlYXRlIjozMDAwMDAwMDAwMDAsImRlbGV0ZSI6MzAwMDAwMDAwMDAwLCJ1cGRhdGUiOjEyMDAwMDAwMDAwMH19",
          "dependencies": [
            "aws_route_table.public",
            "aws_subnet.public",
            "aws_vpc.main",
            "data.aws_availability_zones.available"
          ]
        },
        {
          "index_key": 1,
          "schema_version": 0,
          "attributes": {
            "gateway_id": "",
            "id": "rtbassoc-08f5f863bef483070",
            "route_table_id": "rtb-033101087762546dc",
            "subnet_id": "subnet-08e73a97740aee9dd",
            "timeouts": null
          },
          "sensitive_attributes": [],
          "private": "eyJlMmJmYjczMC1lY2FhLTExZTYtOGY4OC0zNDM2M2JjN2M0YzAiOnsiY3JlYXRlIjozMDAwMDAwMDAwMDAsImRlbGV0ZSI6MzAwMDAwMDAwMDAwLCJ1cGRhdGUiOjEyMDAwMDAwMDAwMH19",
          "dependencies": [
            "aws_route_table.public",
            "aws_subnet.public",
            "aws_vpc.main",
            "data.aws_availability_zones.available"
          ]
        }
      ]
    },
    {
      "mode": "managed",
      "type": "aws_security_group",
      "name": "backend_sg",
      "provider": "provider[\"registry.terraform.io/hashicorp/aws\"]",
      "instances": [
        {
          "schema_version": 1,
          "attributes": {
            "arn": "arn:aws:ec2:eu-west-2:891377361231:security-group/sg-0bfbd423bf88fc5a0",
            "description": "Managed by Terraform",
            "egress": [],
            "id": "sg-0bfbd423bf88fc5a0",
            "ingress": [
              {
                "cidr_blocks": [
                  "10.0.0.0/16"
                ],
                "description": "",
                "from_port": 8080,
                "ipv6_cidr_blocks": [],
                "prefix_list_ids": [],
                "protocol": "tcp",
                "security_groups": [],
                "self": false,
                "to_port": 8080
              }
            ],
            "name": "backend-sg",
            "name_prefix": "",
            "owner_id": "891377361231",
            "revoke_rules_on_delete": false,
            "tags": {
              "Environment": "staging",
              "Name": "i-One-backend"
            },
            "tags_all": {
              "Environment": "staging",
              "Name": "i-One-backend"
            },
            "timeouts": null,
            "vpc_id": "vpc-087bb9b177bfc8ef5"
          },
          "sensitive_attributes": [],
          "private": "eyJlMmJmYjczMC1lY2FhLTExZTYtOGY4OC0zNDM2M2JjN2M0YzAiOnsiY3JlYXRlIjo2MDAwMDAwMDAwMDAsImRlbGV0ZSI6OTAwMDAwMDAwMDAwfSwic2NoZW1hX3ZlcnNpb24iOiIxIn0=",
          "dependencies": [
            "aws_vpc.main"
          ]
        }
      ]
    },
    {
      "mode": "managed",
      "type": "aws_security_group",
      "name": "vpce_sg",
      "provider": "provider[\"registry.terraform.io/hashicorp/aws\"]",
      "instances": [
        {
          "schema_version": 1,
          "attributes": {
            "arn": "arn:aws:ec2:eu-west-2:891377361231:security-group/sg-031658af974ff9c81",
            "description": "security group for VPC endpoints",
            "egress": [
              {
                "cidr_blocks": [
                  "0.0.0.0/0"
                ],
                "description": "",
                "from_port": 0,
                "ipv6_cidr_blocks": [
                  "::/0"
                ],
                "prefix_list_ids": [],
                "protocol": "-1",
                "security_groups": [],
                "self": false,
                "to_port": 0
              }
            ],
            "id": "sg-031658af974ff9c81",
            "ingress": [
              {
                "cidr_blocks": [
                  "10.0.0.0/16"
                ],
                "description": "",
                "from_port": 443,
                "ipv6_cidr_blocks": [],
                "prefix_list_ids": [],
                "protocol": "tcp",
                "security_groups": [],
                "self": false,
                "to_port": 443
              }
            ],
            "name": "vpc-sg",
            "name_prefix": "",
            "owner_id": "891377361231",
            "revoke_rules_on_delete": false,
            "tags": {},
            "tags_all": {},
            "timeouts": null,
            "vpc_id": "vpc-087bb9b177bfc8ef5"
          },
          "sensitive_attributes": [],
          "private": "eyJlMmJmYjczMC1lY2FhLTExZTYtOGY4OC0zNDM2M2JjN2M0YzAiOnsiY3JlYXRlIjo2MDAwMDAwMDAwMDAsImRlbGV0ZSI6OTAwMDAwMDAwMDAwfSwic2NoZW1hX3ZlcnNpb24iOiIxIn0=",
          "dependencies": [
            "aws_vpc.main"
          ]
        }
      ]
    },
    {
      "mode": "managed",
      "type": "aws_subnet",
      "name": "private",
      "provider": "provider[\"registry.terraform.io/hashicorp/aws\"]",
      "instances": [
        {
          "index_key": 0,
          "schema_version": 1,
          "attributes": {
            "arn": "arn:aws:ec2:eu-west-2:891377361231:subnet/subnet-04297868e2ca3b7cc",
            "assign_ipv6_address_on_creation": false,
            "availability_zone": "eu-west-2a",
            "availability_zone_id": "euw2-az2",
            "cidr_block": "10.0.3.0/24",
            "customer_owned_ipv4_pool": "",
            "enable_dns64": false,
            "enable_lni_at_device_index": 0,
            "enable_resource_name_dns_a_record_on_launch": false,
            "enable_resource_name_dns_aaaa_record_on_launch": false,
            "id": "subnet-04297868e2ca3b7cc",
            "ipv6_cidr_block": "",
            "ipv6_cidr_block_association_id": "",
            "ipv6_native": false,
            "map_customer_owned_ip_on_launch": false,
            "map_public_ip_on_launch": false,
            "outpost_arn": "",
            "owner_id": "891377361231",
            "private_dns_hostname_type_on_launch": "ip-name",
            "tags": {
              "Environment": "staging",
              "Name": "i-one-private"
            },
            "tags_all": {
              "Environment": "staging",
              "Name": "i-one-private"
            },
            "timeouts": null,
            "vpc_id": "vpc-087bb9b177bfc8ef5"
          },
          "sensitive_attributes": [],
          "private": "eyJlMmJmYjczMC1lY2FhLTExZTYtOGY4OC0zNDM2M2JjN2M0YzAiOnsiY3JlYXRlIjo2MDAwMDAwMDAwMDAsImRlbGV0ZSI6MTIwMDAwMDAwMDAwMH0sInNjaGVtYV92ZXJzaW9uIjoiMSJ9",
          "dependencies": [
            "aws_vpc.main",
            "data.aws_availability_zones.available"
          ]
        },
        {
          "index_key": 1,
          "schema_version": 1,
          "attributes": {
            "arn": "arn:aws:ec2:eu-west-2:891377361231:subnet/subnet-0794b60f12c4dea66",
            "assign_ipv6_address_on_creation": false,
            "availability_zone": "eu-west-2b",
            "availability_zone_id": "euw2-az3",
            "cidr_block": "10.0.4.0/24",
            "customer_owned_ipv4_pool": "",
            "enable_dns64": false,
            "enable_lni_at_device_index": 0,
            "enable_resource_name_dns_a_record_on_launch": false,
            "enable_resource_name_dns_aaaa_record_on_launch": false,
            "id": "subnet-0794b60f12c4dea66",
            "ipv6_cidr_block": "",
            "ipv6_cidr_block_association_id": "",
            "ipv6_native": false,
            "map_customer_owned_ip_on_launch": false,
            "map_public_ip_on_launch": false,
            "outpost_arn": "",
            "owner_id": "891377361231",
            "private_dns_hostname_type_on_launch": "ip-name",
            "tags": {
              "Environment": "staging",
              "Name": "i-one-private"
            },
            "tags_all": {
              "Environment": "staging",
              "Name": "i-one-private"
            },
            "timeouts": null,
            "vpc_id": "vpc-087bb9b177bfc8ef5"
          },
          "sensitive_attributes": [],
          "private": "eyJlMmJmYjczMC1lY2FhLTExZTYtOGY4OC0zNDM2M2JjN2M0YzAiOnsiY3JlYXRlIjo2MDAwMDAwMDAwMDAsImRlbGV0ZSI6MTIwMDAwMDAwMDAwMH0sInNjaGVtYV92ZXJzaW9uIjoiMSJ9",
          "dependencies": [
            "aws_vpc.main",
            "data.aws_availability_zones.available"
          ]
        }
      ]
    },
    {
      "mode": "managed",
      "type": "aws_subnet",
      "name": "public",
      "provider": "provider[\"registry.terraform.io/hashicorp/aws\"]",
      "instances": [
        {
          "index_key": 0,
          "schema_version": 1,
          "attributes": {
            "arn": "arn:aws:ec2:eu-west-2:891377361231:subnet/subnet-01b1d1bd88434aa42",
            "assign_ipv6_address_on_creation": false,
            "availability_zone": "eu-west-2a",
            "availability_zone_id": "euw2-az2",
            "cidr_block": "10.0.1.0/24",
            "customer_owned_ipv4_pool": "",
            "enable_dns64": false,
            "enable_lni_at_device_index": 0,
            "enable_resource_name_dns_a_record_on_launch": false,
            "enable_resource_name_dns_aaaa_record_on_launch": false,
            "id": "subnet-01b1d1bd88434aa42",
            "ipv6_cidr_block": "",
            "ipv6_cidr_block_association_id": "",
            "ipv6_native": false,
            "map_customer_owned_ip_on_launch": false,
            "map_public_ip_on_launch": true,
            "outpost_arn": "",
            "owner_id": "891377361231",
            "private_dns_hostname_type_on_launch": "ip-name",
            "tags": {
              "Environment": "staging",
              "Name": "public-subnet-a"
            },
            "tags_all": {
              "Environment": "staging",
              "Name": "public-subnet-a"
            },
            "timeouts": null,
            "vpc_id": "vpc-087bb9b177bfc8ef5"
          },
          "sensitive_attributes": [],
          "private": "eyJlMmJmYjczMC1lY2FhLTExZTYtOGY4OC0zNDM2M2JjN2M0YzAiOnsiY3JlYXRlIjo2MDAwMDAwMDAwMDAsImRlbGV0ZSI6MTIwMDAwMDAwMDAwMH0sInNjaGVtYV92ZXJzaW9uIjoiMSJ9",
          "dependencies": [
            "aws_vpc.main",
            "data.aws_availability_zones.available"
          ]
        },
        {
          "index_key": 1,
          "schema_version": 1,
          "attributes": {
            "arn": "arn:aws:ec2:eu-west-2:891377361231:subnet/subnet-08e73a97740aee9dd",
            "assign_ipv6_address_on_creation": false,
            "availability_zone": "eu-west-2b",
            "availability_zone_id": "euw2-az3",
            "cidr_block": "10.0.2.0/24",
            "customer_owned_ipv4_pool": "",
            "enable_dns64": false,
            "enable_lni_at_device_index": 0,
            "enable_resource_name_dns_a_record_on_launch": false,
            "enable_resource_name_dns_aaaa_record_on_launch": false,
            "id": "subnet-08e73a97740aee9dd",
            "ipv6_cidr_block": "",
            "ipv6_cidr_block_association_id": "",
            "ipv6_native": false,
            "map_customer_owned_ip_on_launch": false,
            "map_public_ip_on_launch": true,
            "outpost_arn": "",
            "owner_id": "891377361231",
            "private_dns_hostname_type_on_launch": "ip-name",
            "tags": {
              "Environment": "staging",
              "Name": "public-subnet-a"
            },
            "tags_all": {
              "Environment": "staging",
              "Name": "public-subnet-a"
            },
            "timeouts": null,
            "vpc_id": "vpc-087bb9b177bfc8ef5"
          },
          "sensitive_attributes": [],
          "private": "eyJlMmJmYjczMC1lY2FhLTExZTYtOGY4OC0zNDM2M2JjN2M0YzAiOnsiY3JlYXRlIjo2MDAwMDAwMDAwMDAsImRlbGV0ZSI6MTIwMDAwMDAwMDAwMH0sInNjaGVtYV92ZXJzaW9uIjoiMSJ9",
          "dependencies": [
            "aws_vpc.main",
            "data.aws_availability_zones.available"
          ]
        }
      ]
    },
    {
      "mode": "managed",
      "type": "aws_vpc",
      "name": "main",
      "provider": "provider[\"registry.terraform.io/hashicorp/aws\"]",
      "instances": [
        {
          "schema_version": 1,
          "attributes": {
            "arn": "arn:aws:ec2:eu-west-2:891377361231:vpc/vpc-087bb9b177bfc8ef5",
            "assign_generated_ipv6_cidr_block": false,
            "cidr_block": "10.0.0.0/16",
            "default_network_acl_id": "acl-053cc341b914cdb99",
            "default_route_table_id": "rtb-0caf7fd507a4d21bd",
            "default_security_group_id": "sg-04066465510664f75",
            "dhcp_options_id": "dopt-0463bf072b39f7839",
            "enable_dns_hostnames": true,
            "enable_dns_support": true,
            "enable_network_address_usage_metrics": false,
            "id": "vpc-087bb9b177bfc8ef5",
            "instance_tenancy": "default",
            "ipv4_ipam_pool_id": null,
            "ipv4_netmask_length": null,
            "ipv6_association_id": "",
            "ipv6_cidr_block": "",
            "ipv6_cidr_block_network_border_group": "",
            "ipv6_ipam_pool_id": "",
            "ipv6_netmask_length": 0,
            "main_route_table_id": "rtb-0caf7fd507a4d21bd",
            "owner_id": "891377361231",
            "tags": {
              "Environment": "staging",
              "Name": "i-One-backend"
            },
            "tags_all": {
              "Environment": "staging",
              "Name": "i-One-backend"
            }
          },
          "sensitive_attributes": [],
          "private": "eyJzY2hlbWFfdmVyc2lvbiI6IjEifQ=="
        }
      ]
    },
    {
      "mode": "managed",
      "type": "aws_vpc_endpoint",
      "name": "ec2_messages",
      "provider": "provider[\"registry.terraform.io/hashicorp/aws\"]",
      "instances": [
        {
          "schema_version": 0,
          "attributes": {
            "arn": "arn:aws:ec2:eu-west-2:891377361231:vpc-endpoint/vpce-0ba9e943a9996e247",
            "auto_accept": null,
            "cidr_blocks": [],
            "dns_entry": [
              {
                "dns_name": "vpce-0ba9e943a9996e247-jd2klw2g.ec2messages.eu-west-2.vpce.amazonaws.com",
                "hosted_zone_id": "Z7K1066E3PUKB"
              },
              {
                "dns_name": "vpce-0ba9e943a9996e247-jd2klw2g-eu-west-2b.ec2messages.eu-west-2.vpce.amazonaws.com",
                "hosted_zone_id": "Z7K1066E3PUKB"
              },
              {
                "dns_name": "vpce-0ba9e943a9996e247-jd2klw2g-eu-west-2a.ec2messages.eu-west-2.vpce.amazonaws.com",
                "hosted_zone_id": "Z7K1066E3PUKB"
              },
              {
                "dns_name": "ec2messages.eu-west-2.amazonaws.com",
                "hosted_zone_id": "Z0796854R1SMWKWBLVRU"
              }
            ],
            "dns_options": [
              {
                "dns_record_ip_type": "ipv4",
                "private_dns_only_for_inbound_resolver_endpoint": false
              }
            ],
            "id": "vpce-0ba9e943a9996e247",
            "ip_address_type": "ipv4",
            "network_interface_ids": [
              "eni-02b0fbb4b0712c84a",
              "eni-0d8b8efbb23834930"
            ],
            "owner_id": "891377361231",
            "policy": "{\"Statement\":[{\"Action\":\"*\",\"Effect\":\"Allow\",\"Principal\":\"*\",\"Resource\":\"*\"}]}",
            "prefix_list_id": null,
            "private_dns_enabled": true,
            "requester_managed": false,
            "resource_configuration_arn": "",
            "route_table_ids": [],
            "security_group_ids": [
              "sg-031658af974ff9c81"
            ],
            "service_name": "com.amazonaws.eu-west-2.ec2messages",
            "service_network_arn": "",
            "service_region": "eu-west-2",
            "state": "available",
            "subnet_configuration": [
              {
                "ipv4": "10.0.3.98",
                "ipv6": "",
                "subnet_id": "subnet-04297868e2ca3b7cc"
              },
              {
                "ipv4": "10.0.4.206",
                "ipv6": "",
                "subnet_id": "subnet-0794b60f12c4dea66"
              }
            ],
            "subnet_ids": [
              "subnet-04297868e2ca3b7cc",
              "subnet-0794b60f12c4dea66"
            ],
            "tags": {
              "Environment": "staging",
              "Name": "ec2messages-endpoint"
            },
            "tags_all": {
              "Environment": "staging",
              "Name": "ec2messages-endpoint"
            },
            "timeouts": null,
            "vpc_endpoint_type": "Interface",
            "vpc_id": "vpc-087bb9b177bfc8ef5"
          },
          "sensitive_attributes": [],
          "private": "eyJlMmJmYjczMC1lY2FhLTExZTYtOGY4OC0zNDM2M2JjN2M0YzAiOnsiY3JlYXRlIjo2MDAwMDAwMDAwMDAsImRlbGV0ZSI6NjAwMDAwMDAwMDAwLCJ1cGRhdGUiOjYwMDAwMDAwMDAwMH19",
          "dependencies": [
            "aws_security_group.vpce_sg",
            "aws_subnet.private",
            "aws_vpc.main",
            "data.aws_availability_zones.available"
          ]
        }
      ]
    },
    {
      "mode": "managed",
      "type": "aws_vpc_endpoint",
      "name": "ssm",
      "provider": "provider[\"registry.terraform.io/hashicorp/aws\"]",
      "instances": [
        {
          "schema_version": 0,
          "attributes": {
            "arn": "arn:aws:ec2:eu-west-2:891377361231:vpc-endpoint/vpce-0e8950ede402d2e0b",
            "auto_accept": null,
            "cidr_blocks": [],
            "dns_entry": [
              {
                "dns_name": "vpce-0e8950ede402d2e0b-7ep1mgnj.ssm.eu-west-2.vpce.amazonaws.com",
                "hosted_zone_id": "Z7K1066E3PUKB"
              },
              {
                "dns_name": "vpce-0e8950ede402d2e0b-7ep1mgnj-eu-west-2b.ssm.eu-west-2.vpce.amazonaws.com",
                "hosted_zone_id": "Z7K1066E3PUKB"
              },
              {
                "dns_name": "vpce-0e8950ede402d2e0b-7ep1mgnj-eu-west-2a.ssm.eu-west-2.vpce.amazonaws.com",
                "hosted_zone_id": "Z7K1066E3PUKB"
              },
              {
                "dns_name": "ssm.eu-west-2.amazonaws.com",
                "hosted_zone_id": "Z07968103PXTC5C6DZGI0"
              }
            ],
            "dns_options": [
              {
                "dns_record_ip_type": "ipv4",
                "private_dns_only_for_inbound_resolver_endpoint": false
              }
            ],
            "id": "vpce-0e8950ede402d2e0b",
            "ip_address_type": "ipv4",
            "network_interface_ids": [
              "eni-04774dd12289b5f05",
              "eni-0cdecc8a83c2822eb"
            ],
            "owner_id": "891377361231",
            "policy": "{\"Statement\":[{\"Action\":\"*\",\"Effect\":\"Allow\",\"Principal\":\"*\",\"Resource\":\"*\"}]}",
            "prefix_list_id": null,
            "private_dns_enabled": true,
            "requester_managed": false,
            "resource_configuration_arn": "",
            "route_table_ids": [],
            "security_group_ids": [
              "sg-031658af974ff9c81"
            ],
            "service_name": "com.amazonaws.eu-west-2.ssm",
            "service_network_arn": "",
            "service_region": "eu-west-2",
            "state": "available",
            "subnet_configuration": [
              {
                "ipv4": "10.0.3.141",
                "ipv6": "",
                "subnet_id": "subnet-04297868e2ca3b7cc"
              },
              {
                "ipv4": "10.0.4.219",
                "ipv6": "",
                "subnet_id": "subnet-0794b60f12c4dea66"
              }
            ],
            "subnet_ids": [
              "subnet-04297868e2ca3b7cc",
              "subnet-0794b60f12c4dea66"
            ],
            "tags": {
              "Environment": "staging",
              "Name": "ssm-endpoint"
            },
            "tags_all": {
              "Environment": "staging",
              "Name": "ssm-endpoint"
            },
            "timeouts": null,
            "vpc_endpoint_type": "Interface",
            "vpc_id": "vpc-087bb9b177bfc8ef5"
          },
          "sensitive_attributes": [],
          "private": "eyJlMmJmYjczMC1lY2FhLTExZTYtOGY4OC0zNDM2M2JjN2M0YzAiOnsiY3JlYXRlIjo2MDAwMDAwMDAwMDAsImRlbGV0ZSI6NjAwMDAwMDAwMDAwLCJ1cGRhdGUiOjYwMDAwMDAwMDAwMH19",
          "dependencies": [
            "aws_security_group.vpce_sg",
            "aws_subnet.private",
            "aws_vpc.main",
            "data.aws_availability_zones.available"
          ]
        }
      ]
    },
    {
      "mode": "managed",
      "type": "aws_vpc_security_group_egress_rule",
      "name": "allow_all_traffic_ipv6",
      "provider": "provider[\"registry.terraform.io/hashicorp/aws\"]",
      "instances": [
        {
          "schema_version": 0,
          "attributes": {
            "arn": "arn:aws:ec2:eu-west-2:891377361231:security-group-rule/sgr-0986bbdfcbeadb9ab",
            "cidr_ipv4": null,
            "cidr_ipv6": "::/0",
            "description": null,
            "from_port": null,
            "id": "sgr-0986bbdfcbeadb9ab",
            "ip_protocol": "-1",
            "prefix_list_id": null,
            "referenced_security_group_id": null,
            "security_group_id": "sg-031658af974ff9c81",
            "security_group_rule_id": "sgr-0986bbdfcbeadb9ab",
            "tags": {
              "Environment": "staging",
              "Name": "vpce_sg_ipv6_egress"
            },
            "tags_all": {
              "Environment": "staging",
              "Name": "vpce_sg_ipv6_egress"
            },
            "to_port": null
          },
          "sensitive_attributes": [],
          "dependencies": [
            "aws_security_group.vpce_sg",
            "aws_vpc.main"
          ]
        }
      ]
    },
    {
      "mode": "managed",
      "type": "aws_vpc_security_group_egress_rule",
      "name": "vpce_sg_rule",
      "provider": "provider[\"registry.terraform.io/hashicorp/aws\"]",
      "instances": [
        {
          "schema_version": 0,
          "attributes": {
            "arn": "arn:aws:ec2:eu-west-2:891377361231:security-group-rule/sgr-018f1f9c437e5880f",
            "cidr_ipv4": "0.0.0.0/0",
            "cidr_ipv6": null,
            "description": null,
            "from_port": null,
            "id": "sgr-018f1f9c437e5880f",
            "ip_protocol": "-1",
            "prefix_list_id": null,
            "referenced_security_group_id": null,
            "security_group_id": "sg-031658af974ff9c81",
            "security_group_rule_id": "sgr-018f1f9c437e5880f",
            "tags": {
              "Environment": "staging",
              "Name": "vpce_sg_ipv4_egress"
            },
            "tags_all": {
              "Environment": "staging",
              "Name": "vpce_sg_ipv4_egress"
            },
            "to_port": null
          },
          "sensitive_attributes": [],
          "dependencies": [
            "aws_security_group.vpce_sg",
            "aws_vpc.main"
          ]
        }
      ]
    },
    {
      "mode": "managed",
      "type": "aws_vpc_security_group_ingress_rule",
      "name": "backend-sg",
      "provider": "provider[\"registry.terraform.io/hashicorp/aws\"]",
      "instances": [
        {
          "schema_version": 0,
          "attributes": {
            "arn": "arn:aws:ec2:eu-west-2:891377361231:security-group-rule/sgr-0f9cfbbf57e53cc01",
            "cidr_ipv4": "10.0.0.0/16",
            "cidr_ipv6": null,
            "description": null,
            "from_port": 8080,
            "id": "sgr-0f9cfbbf57e53cc01",
            "ip_protocol": "tcp",
            "prefix_list_id": null,
            "referenced_security_group_id": null,
            "security_group_id": "sg-0bfbd423bf88fc5a0",
            "security_group_rule_id": "sgr-0f9cfbbf57e53cc01",
            "tags": null,
            "tags_all": {},
            "to_port": 8080
          },
          "sensitive_attributes": [],
          "dependencies": [
            "aws_security_group.backend_sg",
            "aws_vpc.main"
          ]
        }
      ]
    },
    {
      "mode": "managed",
      "type": "aws_vpc_security_group_ingress_rule",
      "name": "backend_sg_ssh",
      "provider": "provider[\"registry.terraform.io/hashicorp/aws\"]",
      "instances": [
        {
          "schema_version": 0,
          "attributes": {
            "arn": "arn:aws:ec2:eu-west-2:891377361231:security-group-rule/sgr-0db9b2d2af738ed8a",
            "cidr_ipv4": "10.0.3.144/32",
            "cidr_ipv6": null,
            "description": null,
            "from_port": 22,
            "id": "sgr-0db9b2d2af738ed8a",
            "ip_protocol": "tcp",
            "prefix_list_id": null,
            "referenced_security_group_id": null,
            "security_group_id": "sg-0bfbd423bf88fc5a0",
            "security_group_rule_id": "sgr-0db9b2d2af738ed8a",
            "tags": null,
            "tags_all": {},
            "to_port": 22
          },
          "sensitive_attributes": [],
          "dependencies": [
            "aws_iam_instance_profile.ssm_profile",
            "aws_iam_role.ssm_role",
            "aws_instance.backend",
            "aws_key_pair.ec2-bastion-host-key",
            "aws_security_group.backend_sg",
            "aws_subnet.private",
            "aws_vpc.main",
            "data.aws_ami.ubuntu",
            "data.aws_availability_zones.available",
            "local_file.ec2-bastion-host-public-key",
            "tls_private_key.ec2-bastion-host-key-pair"
          ]
        }
      ]
    },
    {
      "mode": "managed",
      "type": "aws_vpc_security_group_ingress_rule",
      "name": "vpce_sg_ingress",
      "provider": "provider[\"registry.terraform.io/hashicorp/aws\"]",
      "instances": [
        {
          "schema_version": 0,
          "attributes": {
            "arn": "arn:aws:ec2:eu-west-2:891377361231:security-group-rule/sgr-0ea895e5e6cf24603",
            "cidr_ipv4": "10.0.0.0/16",
            "cidr_ipv6": null,
            "description": null,
            "from_port": 443,
            "id": "sgr-0ea895e5e6cf24603",
            "ip_protocol": "tcp",
            "prefix_list_id": null,
            "referenced_security_group_id": null,
            "security_group_id": "sg-031658af974ff9c81",
            "security_group_rule_id": "sgr-0ea895e5e6cf24603",
            "tags": null,
            "tags_all": {},
            "to_port": 443
          },
          "sensitive_attributes": [],
          "dependencies": [
            "aws_security_group.vpce_sg",
            "aws_vpc.main"
          ]
        }
      ]
    },
    {
      "mode": "managed",
      "type": "local_file",
      "name": "ec2-bastion-host-public-key",
      "provider": "provider[\"registry.terraform.io/hashicorp/local\"]",
      "instances": [
        {
          "schema_version": 0,
          "attributes": {
            "content": "ssh-rsa AAAAB3NzaC1yc2EAAAADAQABAAACAQDlf0KEVySWWzl2vy9cL4YhJAnXr0U/Yg4eU9IWsc3jKZeCnOg7gehV++pdgjHykMn8tSqxlc62CLWzKfTaCU/Hit7xvjj6WHJdn9yuZJc9b/Gq3pxbnn4uXJXIHvsWDJ6BD3DirSJE8AC1az2B1XNpHC4ltJPn2ofBQbDMOyW/4LFxYtvYwMyvOdhCQ5KX4Tuk4KneGA2aNFOzixqY0giVzi4/7qIXsC0sT4+VrhXJFB0D2WpJm+J8E6V39GTfKCdH96DNH91djGVxy4ObG4vHypNfNkqagqVo7YYMUv+0gGmtyRj1jiGIInR4iWbMkObg/yfXiML9OzJ5xAgxE8Wo8+uMHGObws9knxWN/pN7GpbLUD6Xk7R3s1H0HfzXuSHT9kVQgQMGh5i+vH7Z2RbMSfPWY8bRP7narLjQdKM8YWijFYKe2ft3GJWl3s2srgxMsKT1R0rAmq0DoqJsK6vT6Wx0O2BtAeRDRL4Eg8pfiEQcb4mkLX7y7Df0yjDmiqWpNutIDVgiMRqOMXkUp7GykGbhmOgzwKyasfTPxs2dTZDkWvQrfg1XIx+RxNWgIuuFXeP0ekWP/vnzX0NcvNiKAEPiWUc1KhPCQZJPo9+5H6ET2nbKcMI5KoVEIzlTGXooe1Q4fpb8h3pX5enjfcMLzwWCv3sBCx02PUhq/EN4LQ==\n",
            "content_base64": null,
            "content_base64sha256": "dTj2YV4Q3TKUZpyqVDfyAOaLU6b2SRf0eo0UCmt4lv8=",
            "content_base64sha512": "f2SpqOFjFM98q7CIFH8bwkOJ1JB+q+3a92PpDUMqOQ7Tnkwh8bZ9bo0w8Ho325xVVE2Yos/347cA+tL7rqmioQ==",
            "content_md5": "75b13968f5a3590e1e42f4d8802215e9",
            "content_sha1": "a3ab01bf4d7041b457cc3907cd7505116a17f2e2",
            "content_sha256": "7538f6615e10dd3294669caa5437f200e68b53a6f64917f47a8d140a6b7896ff",
            "content_sha512": "7f64a9a8e16314cf7cabb088147f1bc24389d4907eabeddaf763e90d432a390ed39e4c21f1b67d6e8d30f07a37db9c55544d98a2cff7e3b700fad2fbaea9a2a1",
            "directory_permission": "0777",
            "file_permission": "0777",
            "filename": "./secrets/ec2-bastion-key-pair.pub",
            "id": "a3ab01bf4d7041b457cc3907cd7505116a17f2e2",
            "sensitive_content": null,
            "source": null
          },
          "sensitive_attributes": [
            [
              {
                "type": "get_attr",
                "value": "sensitive_content"
              }
            ]
          ],
          "dependencies": [
            "tls_private_key.ec2-bastion-host-key-pair"
          ]
        }
      ]
    },
    {
      "mode": "managed",
      "type": "local_sensitive_file",
      "name": "ec2-bastion-host-private-key",
      "provider": "provider[\"registry.terraform.io/hashicorp/local\"]",
      "instances": [
        {
          "schema_version": 0,
          "attributes": {
            "content": "-----BEGIN RSA PRIVATE KEY-----\nMIIJKgIBAAKCAgEA5X9ChFcklls5dr8vXC+GISQJ169FP2IOHlPSFrHN4ymXgpzo\nO4HoVfvqXYIx8pDJ/LUqsZXOtgi1syn02glPx4re8b44+lhyXZ/crmSXPW/xqt6c\nW55+LlyVyB77FgyegQ9w4q0iRPAAtWs9gdVzaRwuJbST59qHwUGwzDslv+CxcWLb\n2MDMrznYQkOSl+E7pOCp3hgNmjRTs4samNIIlc4uP+6iF7AtLE+Pla4VyRQdA9lq\nSZvifBOld/Rk3ygnR/egzR/dXYxlccuDmxuLx8qTXzZKmoKlaO2GDFL/tIBprckY\n9Y4hiCJ0eIlmzJDm4P8n14jC/TsyecQIMRPFqPPrjBxjm8LPZJ8Vjf6TexqWy1A+\nl5O0d7NR9B3817kh0/ZFUIEDBoeYvrx+2dkWzEnz1mPG0T+52qy40HSjPGFooxWC\nntn7dxiVpd7NrK4MTLCk9UdKwJqtA6KibCur0+lsdDtgbQHkQ0S+BIPKX4hEHG+J\npC1+8uw39Mow5oqlqTbrSA1YIjEajjF5FKexspBm4ZjoM8CsmrH0z8bNnU2Q5Fr0\nK34NVyMfkcTVoCLrhV3j9HpFj/75819DXLzYigBD4llHNSoTwkGST6PfuR+hE9p2\nynDCOSqFRCM5Uxl6KHtUOH6W/Id6V+Xp433DC88Fgr97AQsdNj1IavxDeC0CAwEA\nAQKCAgBE/n3KWIJs228Kpo5/6d+qnfGBkLVCSWHSN0PdQ8YQaYQdpbthjHwDQZFj\nXE1UzbeTzAlSSyXSbwrlGpN8azk7VaIRzizGAoobYICRQzd+pmVih7s9BgiMOpRj\nDgFRTyjlxvUaiI9ZZ0fnQp7Cph+ktW6gMkoW9YlDjdKvi4adSVk/K8fJQakncr3z\nqenr1DBAsLQQy21ncxzIyOSNlfMzykD4Qm8jrPjfremOR8BP68aPTjEYgQ9VWviv\nd99NgX5Rsf37PP2pbphe3h6qJl1fCqVEhgdmrSk6QtI+aUNrigF7WA4zYG/vQ+B9\nDl3D2To34S2irABm7gGOPuNxka6luyZpuJGbFyKV+lucoBjYcLukAnH/EctKVhnI\nnrWvynwEIij8g8kF0Cf5Zny3+k53A5978xcTlEetKIORvkkDFSG8xMZlvIi/3kW1\njkUWZ6pKub1YNVJbwu3TecZjyHfD1sgK05cpuimqr/1tndDlDtZFWy1j+2uV3R2d\nOp1bbzcUVRETheLK1WHy4fJ6SyKldzHzDIBgPw6A43O8WbJ5/Qim8n6CrGldQMPr\nU0BbOQWaio25VuI6k5lUEKOyfqyCIvkrafjTFLwY9ELvFniP4nYXY7eR+FHSLAsb\nvudbocNzY5Lnph0mL1njDMAECllYDvJ/CqjyswOe/FPUHcE4FwKCAQEA65YcSyxl\nzfUA0LT1mLijwM7b7klgXVskH/R0K66a0O7ALiib7K098D+sFcordbEwXGDGsZJ3\n7vcDyp9VPy/3BcQ4Qiuaq+EQxXoaKw5BKm99+BF0S3+7cHha5QvMtOtR6utYRlPJ\neh/U5XdIWGD1dWLxAC2vIikUNJ8yK945NNStpeK6Mqo2WZDjNiI7GHWPbSX7cDnM\nDcE6fBOx7FaLN0pJS1xUFK7nCV4Bw/Kn9lqOWHRgeW8aebNsQapZrQkU06tDJdTa\ngRvFiBEDKyZEVhuEdlgWW5JSK8qqAQuvgz7808ObvWT5XAog6uXJxd8jdQkTAQ2G\nYWzrGaOFvw10PwKCAQEA+WITDU/TD78zMUtBCpcopGF+MnX8Prs9+conNywoE5sm\n4Se1WwIeW4RErQGHx0bm3Ze+lABT/yClJ8yLdXIBfFlCTKLvli3vtXCQHRa+2YWB\nZ3OmyQwEmI5zTe6ycusYg5856VeyYkh4gupU/J9y0ltwvDy5zcxkFYMshg6Q0g7P\ngSMoHGHcvdIGJNrGIGjYhqCPEna4G9FA6QXER1M08Pu4HlP7XXDJ6+M6FvdgLiqs\nr0Yk236CEwiKjysjmudB4ixYCPL3poe3Y0omlZzwFimxb5tEfc/KiqFfM81kD6b3\nnbz37aDkoq7lRuwAKzatDYvCS2r11UU6myBOayhIkwKCAQEA3We+P4gCRYW0tnDb\nQCSHAXVnjJK5VgOJ994uL79xEFrRko/nuo82Xsv4VqIiJgHYiXkKQ2h7/sF3dr43\nx6K0bV7z4HxKaK6krHMMlNpYtCEEKld9DFeHOTRjeE+Wm5Fs83MrCy1DdNrloqJw\nA19cUG4kQR6uMVSaALp81G2NJfGbIQPsKiF94r8gSofxMhOKL/I6VEZ9V4/5/xIj\nbRII1HWkXIbxHl8iEtOepSEwaX7BuK/m2zlnkGjnnO8USGL4h9W0zaE1mZEYG8Ch\nUbQtFR/XZcFzgawKPc3B6CmrUZWo1vxHKb/z+mQqe5hqAOSs1hkpGxwy5u0OJpJf\n6CYk0QKCAQEArB8tySVMJnUv7xjipl2YFoSXplpapC115B7LnD/k1UtjtUlD2bGH\npGCRSdthjH/6Pf1K8zmav98XPnXl10S9k8bDhMN8m2nPJaqwPPOC+/0ySGXBOsgJ\nsAW5vZM/JSPwQoA2Z0A5Ba7BRpJX4BhpFpk4ISPEli848MQdidUpzWGdhKLwP06o\nHXeE+BDraFkVAS52MScxgTmXFH3/b78VLjJ+bKhIOMDtDNtDL7DDeHnJwBuouroB\nKwPdJl1+8J4mkeVLSbnwhcbsIyJ9qQuthY53QfGnfzJYuAATBlz/b/Isu3k+oYtH\n4qTV6HJg13KgVFYe3xDO5cknXwQYO8uM8wKCAQEAr9LeCb1e+FX5Z9jTKiMaGdle\nquc/GtqwUNSuOfCYKI2DiTYdeBIWLIIOpl/DH2auBHb99oebjeXhvsPVVXzJ3rqD\nO2ADP0xL2VIVkeYWOSKOO0k5XJudNZMDeQiqwbRvo5PwD9eM+ZamJi4MbnZzQoCW\n87Vt8lUB16zHg5dvERbi/2hL0/AlLdW5+GF1x2C2C6XGaka164eL+BhYeqA7Lni0\nqzHTXvQabLH+aphtd4Bplp5sBHtsUq5S0KtJBtGeQawEmXq9uEab4aBpajFAcXvA\nKnnPPSJNc56TQKexGpFBk5MWbMOxi0Zbqb/EdXNUFrH3lSMP8qbsOBaYOOIBfA==\n-----END RSA PRIVATE KEY-----\n",
            "content_base64": null,
            "content_base64sha256": "Opr06Vh0AUSMJCXixZldAdbJXevzD85v8xMiamNW7NE=",
            "content_base64sha512": "3MSImvicgf5jesPbg7QVXHqvaU2+Rbfo2mF18yMLTulv1e/jXMZy/QMlLr7TsSzCX4YNHlCXjkzXb7ZeZX79mw==",
            "content_md5": "6a72144fe85cc5c53ac95bc1cdfb6e40",
            "content_sha1": "8320233794a73ebd9a7bc5948067aa82dca25491",
            "content_sha256": "3a9af4e9587401448c2425e2c5995d01d6c95debf30fce6ff313226a6356ecd1",
            "content_sha512": "dcc4889af89c81fe637ac3db83b4155c7aaf694dbe45b7e8da6175f3230b4ee96fd5efe35cc672fd03252ebed3b12cc25f860d1e50978e4cd76fb65e657efd9b",
            "directory_permission": "0700",
            "file_permission": "0600",
            "filename": "./secrets/ec2-bastion-key-pair.pem",
            "id": "8320233794a73ebd9a7bc5948067aa82dca25491",
            "source": null
          },
          "sensitive_attributes": [
            [
              {
                "type": "get_attr",
                "value": "content_base64"
              }
            ],
            [
              {
                "type": "get_attr",
                "value": "content"
              }
            ]
          ],
          "dependencies": [
            "tls_private_key.ec2-bastion-host-key-pair"
          ]
        }
      ]
    },
    {
      "mode": "managed",
      "type": "tls_private_key",
      "name": "ec2-bastion-host-key-pair",
      "provider": "provider[\"registry.terraform.io/hashicorp/tls\"]",
      "instances": [
        {
          "schema_version": 1,
          "attributes": {
            "algorithm": "RSA",
            "ecdsa_curve": "P224",
            "id": "60dff05949c50a1aeb7fefa72c5350702deab40c",
            "private_key_openssh": "-----BEGIN OPENSSH PRIVATE KEY-----\nb3BlbnNzaC1rZXktdjEAAAAABG5vbmUAAAAEbm9uZQAAAAAAAAABAAACFwAAAAdz\nc2gtcnNhAAAAAwEAAQAAAgEA5X9ChFcklls5dr8vXC+GISQJ169FP2IOHlPSFrHN\n4ymXgpzoO4HoVfvqXYIx8pDJ/LUqsZXOtgi1syn02glPx4re8b44+lhyXZ/crmSX\nPW/xqt6cW55+LlyVyB77FgyegQ9w4q0iRPAAtWs9gdVzaRwuJbST59qHwUGwzDsl\nv+CxcWLb2MDMrznYQkOSl+E7pOCp3hgNmjRTs4samNIIlc4uP+6iF7AtLE+Pla4V\nyRQdA9lqSZvifBOld/Rk3ygnR/egzR/dXYxlccuDmxuLx8qTXzZKmoKlaO2GDFL/\ntIBprckY9Y4hiCJ0eIlmzJDm4P8n14jC/TsyecQIMRPFqPPrjBxjm8LPZJ8Vjf6T\nexqWy1A+l5O0d7NR9B3817kh0/ZFUIEDBoeYvrx+2dkWzEnz1mPG0T+52qy40HSj\nPGFooxWCntn7dxiVpd7NrK4MTLCk9UdKwJqtA6KibCur0+lsdDtgbQHkQ0S+BIPK\nX4hEHG+JpC1+8uw39Mow5oqlqTbrSA1YIjEajjF5FKexspBm4ZjoM8CsmrH0z8bN\nnU2Q5Fr0K34NVyMfkcTVoCLrhV3j9HpFj/75819DXLzYigBD4llHNSoTwkGST6Pf\nuR+hE9p2ynDCOSqFRCM5Uxl6KHtUOH6W/Id6V+Xp433DC88Fgr97AQsdNj1IavxD\neC0AAAc4jpoVCI6aFQgAAAAHc3NoLXJzYQAAAgEA5X9ChFcklls5dr8vXC+GISQJ\n169FP2IOHlPSFrHN4ymXgpzoO4HoVfvqXYIx8pDJ/LUqsZXOtgi1syn02glPx4re\n8b44+lhyXZ/crmSXPW/xqt6cW55+LlyVyB77FgyegQ9w4q0iRPAAtWs9gdVzaRwu\nJbST59qHwUGwzDslv+CxcWLb2MDMrznYQkOSl+E7pOCp3hgNmjRTs4samNIIlc4u\nP+6iF7AtLE+Pla4VyRQdA9lqSZvifBOld/Rk3ygnR/egzR/dXYxlccuDmxuLx8qT\nXzZKmoKlaO2GDFL/tIBprckY9Y4hiCJ0eIlmzJDm4P8n14jC/TsyecQIMRPFqPPr\njBxjm8LPZJ8Vjf6TexqWy1A+l5O0d7NR9B3817kh0/ZFUIEDBoeYvrx+2dkWzEnz\n1mPG0T+52qy40HSjPGFooxWCntn7dxiVpd7NrK4MTLCk9UdKwJqtA6KibCur0+ls\ndDtgbQHkQ0S+BIPKX4hEHG+JpC1+8uw39Mow5oqlqTbrSA1YIjEajjF5FKexspBm\n4ZjoM8CsmrH0z8bNnU2Q5Fr0K34NVyMfkcTVoCLrhV3j9HpFj/75819DXLzYigBD\n4llHNSoTwkGST6PfuR+hE9p2ynDCOSqFRCM5Uxl6KHtUOH6W/Id6V+Xp433DC88F\ngr97AQsdNj1IavxDeC0AAAADAQABAAACAET+fcpYgmzbbwqmjn/p36qd8YGQtUJJ\nYdI3Q91DxhBphB2lu2GMfANBkWNcTVTNt5PMCVJLJdJvCuUak3xrOTtVohHOLMYC\nihtggJFDN36mZWKHuz0GCIw6lGMOAVFPKOXG9RqIj1lnR+dCnsKmH6S1bqAyShb1\niUON0q+Lhp1JWT8rx8lBqSdyvfOp6evUMECwtBDLbWdzHMjI5I2V8zPKQPhCbyOs\n+N+t6Y5HwE/rxo9OMRiBD1Va+K93302BflGx/fs8/alumF7eHqomXV8KpUSGB2at\nKTpC0j5pQ2uKAXtYDjNgb+9D4H0OXcPZOjfhLaKsAGbuAY4+43GRrqW7Jmm4kZsX\nIpX6W5ygGNhwu6QCcf8Ry0pWGcieta/KfAQiKPyDyQXQJ/lmfLf6TncDn3vzFxOU\nR60og5G+SQMVIbzExmW8iL/eRbWORRZnqkq5vVg1UlvC7dN5xmPId8PWyArTlym6\nKaqv/W2d0OUO1kVbLWP7a5XdHZ06nVtvNxRVEROF4srVYfLh8npLIqV3MfMMgGA/\nDoDjc7xZsnn9CKbyfoKsaV1Aw+tTQFs5BZqKjblW4jqTmVQQo7J+rIIi+Stp+NMU\nvBj0Qu8WeI/idhdjt5H4UdIsCxu+51uhw3NjkuemHSYvWeMMwAQKWVgO8n8KqPKz\nA578U9QdwTgXAAABAQCv0t4JvV74Vfln2NMqIxoZ2V6q5z8a2rBQ1K458JgojYOJ\nNh14EhYsgg6mX8MfZq4Edv32h5uN5eG+w9VVfMneuoM7YAM/TEvZUhWR5hY5Io47\nSTlcm501kwN5CKrBtG+jk/AP14z5lqYmLgxudnNCgJbztW3yVQHXrMeDl28RFuL/\naEvT8CUt1bn4YXXHYLYLpcZqRrXrh4v4GFh6oDsueLSrMdNe9Bpssf5qmG13gGmW\nnmwEe2xSrlLQq0kG0Z5BrASZer24RpvhoGlqMUBxe8Aqec89Ik1znpNAp7EakUGT\nkxZsw7GLRlupv8R1c1QWsfeVIw/ypuw4Fpg44gF8AAABAQDrlhxLLGXN9QDQtPWY\nuKPAztvuSWBdWyQf9HQrrprQ7sAuKJvsrT3wP6wVyit1sTBcYMaxknfu9wPKn1U/\nL/cFxDhCK5qr4RDFehorDkEqb334EXRLf7tweFrlC8y061Hq61hGU8l6H9Tld0hY\nYPV1YvEALa8iKRQ0nzIr3jk01K2l4royqjZZkOM2IjsYdY9tJftwOcwNwTp8E7Hs\nVos3SklLXFQUrucJXgHD8qf2Wo5YdGB5bxp5s2xBqlmtCRTTq0Ml1NqBG8WIEQMr\nJkRWG4R2WBZbklIryqoBC6+DPvzTw5u9ZPlcCiDq5cnF3yN1CRMBDYZhbOsZo4W/\nDXQ/AAABAQD5YhMNT9MPvzMxS0EKlyikYX4ydfw+uz35yic3LCgTmybhJ7VbAh5b\nhEStAYfHRubdl76UAFP/IKUnzIt1cgF8WUJMou+WLe+1cJAdFr7ZhYFnc6bJDASY\njnNN7rJy6xiDnznpV7JiSHiC6lT8n3LSW3C8PLnNzGQVgyyGDpDSDs+BIygcYdy9\n0gYk2sYgaNiGoI8Sdrgb0UDpBcRHUzTw+7geU/tdcMnr4zoW92AuKqyvRiTbfoIT\nCIqPKyOa50HiLFgI8vemh7djSiaVnPAWKbFvm0R9z8qKoV8zzWQPpvedvPftoOSi\nruVG7AArNq0Ni8JLavXVRTqbIE5rKEiTAAAAAAEC\n-----END OPENSSH PRIVATE KEY-----\n",
            "private_key_pem": "-----BEGIN RSA PRIVATE KEY-----\nMIIJKgIBAAKCAgEA5X9ChFcklls5dr8vXC+GISQJ169FP2IOHlPSFrHN4ymXgpzo\nO4HoVfvqXYIx8pDJ/LUqsZXOtgi1syn02glPx4re8b44+lhyXZ/crmSXPW/xqt6c\nW55+LlyVyB77FgyegQ9w4q0iRPAAtWs9gdVzaRwuJbST59qHwUGwzDslv+CxcWLb\n2MDMrznYQkOSl+E7pOCp3hgNmjRTs4samNIIlc4uP+6iF7AtLE+Pla4VyRQdA9lq\nSZvifBOld/Rk3ygnR/egzR/dXYxlccuDmxuLx8qTXzZKmoKlaO2GDFL/tIBprckY\n9Y4hiCJ0eIlmzJDm4P8n14jC/TsyecQIMRPFqPPrjBxjm8LPZJ8Vjf6TexqWy1A+\nl5O0d7NR9B3817kh0/ZFUIEDBoeYvrx+2dkWzEnz1mPG0T+52qy40HSjPGFooxWC\nntn7dxiVpd7NrK4MTLCk9UdKwJqtA6KibCur0+lsdDtgbQHkQ0S+BIPKX4hEHG+J\npC1+8uw39Mow5oqlqTbrSA1YIjEajjF5FKexspBm4ZjoM8CsmrH0z8bNnU2Q5Fr0\nK34NVyMfkcTVoCLrhV3j9HpFj/75819DXLzYigBD4llHNSoTwkGST6PfuR+hE9p2\nynDCOSqFRCM5Uxl6KHtUOH6W/Id6V+Xp433DC88Fgr97AQsdNj1IavxDeC0CAwEA\nAQKCAgBE/n3KWIJs228Kpo5/6d+qnfGBkLVCSWHSN0PdQ8YQaYQdpbthjHwDQZFj\nXE1UzbeTzAlSSyXSbwrlGpN8azk7VaIRzizGAoobYICRQzd+pmVih7s9BgiMOpRj\nDgFRTyjlxvUaiI9ZZ0fnQp7Cph+ktW6gMkoW9YlDjdKvi4adSVk/K8fJQakncr3z\nqenr1DBAsLQQy21ncxzIyOSNlfMzykD4Qm8jrPjfremOR8BP68aPTjEYgQ9VWviv\nd99NgX5Rsf37PP2pbphe3h6qJl1fCqVEhgdmrSk6QtI+aUNrigF7WA4zYG/vQ+B9\nDl3D2To34S2irABm7gGOPuNxka6luyZpuJGbFyKV+lucoBjYcLukAnH/EctKVhnI\nnrWvynwEIij8g8kF0Cf5Zny3+k53A5978xcTlEetKIORvkkDFSG8xMZlvIi/3kW1\njkUWZ6pKub1YNVJbwu3TecZjyHfD1sgK05cpuimqr/1tndDlDtZFWy1j+2uV3R2d\nOp1bbzcUVRETheLK1WHy4fJ6SyKldzHzDIBgPw6A43O8WbJ5/Qim8n6CrGldQMPr\nU0BbOQWaio25VuI6k5lUEKOyfqyCIvkrafjTFLwY9ELvFniP4nYXY7eR+FHSLAsb\nvudbocNzY5Lnph0mL1njDMAECllYDvJ/CqjyswOe/FPUHcE4FwKCAQEA65YcSyxl\nzfUA0LT1mLijwM7b7klgXVskH/R0K66a0O7ALiib7K098D+sFcordbEwXGDGsZJ3\n7vcDyp9VPy/3BcQ4Qiuaq+EQxXoaKw5BKm99+BF0S3+7cHha5QvMtOtR6utYRlPJ\neh/U5XdIWGD1dWLxAC2vIikUNJ8yK945NNStpeK6Mqo2WZDjNiI7GHWPbSX7cDnM\nDcE6fBOx7FaLN0pJS1xUFK7nCV4Bw/Kn9lqOWHRgeW8aebNsQapZrQkU06tDJdTa\ngRvFiBEDKyZEVhuEdlgWW5JSK8qqAQuvgz7808ObvWT5XAog6uXJxd8jdQkTAQ2G\nYWzrGaOFvw10PwKCAQEA+WITDU/TD78zMUtBCpcopGF+MnX8Prs9+conNywoE5sm\n4Se1WwIeW4RErQGHx0bm3Ze+lABT/yClJ8yLdXIBfFlCTKLvli3vtXCQHRa+2YWB\nZ3OmyQwEmI5zTe6ycusYg5856VeyYkh4gupU/J9y0ltwvDy5zcxkFYMshg6Q0g7P\ngSMoHGHcvdIGJNrGIGjYhqCPEna4G9FA6QXER1M08Pu4HlP7XXDJ6+M6FvdgLiqs\nr0Yk236CEwiKjysjmudB4ixYCPL3poe3Y0omlZzwFimxb5tEfc/KiqFfM81kD6b3\nnbz37aDkoq7lRuwAKzatDYvCS2r11UU6myBOayhIkwKCAQEA3We+P4gCRYW0tnDb\nQCSHAXVnjJK5VgOJ994uL79xEFrRko/nuo82Xsv4VqIiJgHYiXkKQ2h7/sF3dr43\nx6K0bV7z4HxKaK6krHMMlNpYtCEEKld9DFeHOTRjeE+Wm5Fs83MrCy1DdNrloqJw\nA19cUG4kQR6uMVSaALp81G2NJfGbIQPsKiF94r8gSofxMhOKL/I6VEZ9V4/5/xIj\nbRII1HWkXIbxHl8iEtOepSEwaX7BuK/m2zlnkGjnnO8USGL4h9W0zaE1mZEYG8Ch\nUbQtFR/XZcFzgawKPc3B6CmrUZWo1vxHKb/z+mQqe5hqAOSs1hkpGxwy5u0OJpJf\n6CYk0QKCAQEArB8tySVMJnUv7xjipl2YFoSXplpapC115B7LnD/k1UtjtUlD2bGH\npGCRSdthjH/6Pf1K8zmav98XPnXl10S9k8bDhMN8m2nPJaqwPPOC+/0ySGXBOsgJ\nsAW5vZM/JSPwQoA2Z0A5Ba7BRpJX4BhpFpk4ISPEli848MQdidUpzWGdhKLwP06o\nHXeE+BDraFkVAS52MScxgTmXFH3/b78VLjJ+bKhIOMDtDNtDL7DDeHnJwBuouroB\nKwPdJl1+8J4mkeVLSbnwhcbsIyJ9qQuthY53QfGnfzJYuAATBlz/b/Isu3k+oYtH\n4qTV6HJg13KgVFYe3xDO5cknXwQYO8uM8wKCAQEAr9LeCb1e+FX5Z9jTKiMaGdle\nquc/GtqwUNSuOfCYKI2DiTYdeBIWLIIOpl/DH2auBHb99oebjeXhvsPVVXzJ3rqD\nO2ADP0xL2VIVkeYWOSKOO0k5XJudNZMDeQiqwbRvo5PwD9eM+ZamJi4MbnZzQoCW\n87Vt8lUB16zHg5dvERbi/2hL0/AlLdW5+GF1x2C2C6XGaka164eL+BhYeqA7Lni0\nqzHTXvQabLH+aphtd4Bplp5sBHtsUq5S0KtJBtGeQawEmXq9uEab4aBpajFAcXvA\nKnnPPSJNc56TQKexGpFBk5MWbMOxi0Zbqb/EdXNUFrH3lSMP8qbsOBaYOOIBfA==\n-----END RSA PRIVATE KEY-----\n",
            "private_key_pem_pkcs8": "-----BEGIN PRIVATE KEY-----\nMIIJRAIBADANBgkqhkiG9w0BAQEFAASCCS4wggkqAgEAAoICAQDlf0KEVySWWzl2\nvy9cL4YhJAnXr0U/Yg4eU9IWsc3jKZeCnOg7gehV++pdgjHykMn8tSqxlc62CLWz\nKfTaCU/Hit7xvjj6WHJdn9yuZJc9b/Gq3pxbnn4uXJXIHvsWDJ6BD3DirSJE8AC1\naz2B1XNpHC4ltJPn2ofBQbDMOyW/4LFxYtvYwMyvOdhCQ5KX4Tuk4KneGA2aNFOz\nixqY0giVzi4/7qIXsC0sT4+VrhXJFB0D2WpJm+J8E6V39GTfKCdH96DNH91djGVx\ny4ObG4vHypNfNkqagqVo7YYMUv+0gGmtyRj1jiGIInR4iWbMkObg/yfXiML9OzJ5\nxAgxE8Wo8+uMHGObws9knxWN/pN7GpbLUD6Xk7R3s1H0HfzXuSHT9kVQgQMGh5i+\nvH7Z2RbMSfPWY8bRP7narLjQdKM8YWijFYKe2ft3GJWl3s2srgxMsKT1R0rAmq0D\noqJsK6vT6Wx0O2BtAeRDRL4Eg8pfiEQcb4mkLX7y7Df0yjDmiqWpNutIDVgiMRqO\nMXkUp7GykGbhmOgzwKyasfTPxs2dTZDkWvQrfg1XIx+RxNWgIuuFXeP0ekWP/vnz\nX0NcvNiKAEPiWUc1KhPCQZJPo9+5H6ET2nbKcMI5KoVEIzlTGXooe1Q4fpb8h3pX\n5enjfcMLzwWCv3sBCx02PUhq/EN4LQIDAQABAoICAET+fcpYgmzbbwqmjn/p36qd\n8YGQtUJJYdI3Q91DxhBphB2lu2GMfANBkWNcTVTNt5PMCVJLJdJvCuUak3xrOTtV\nohHOLMYCihtggJFDN36mZWKHuz0GCIw6lGMOAVFPKOXG9RqIj1lnR+dCnsKmH6S1\nbqAyShb1iUON0q+Lhp1JWT8rx8lBqSdyvfOp6evUMECwtBDLbWdzHMjI5I2V8zPK\nQPhCbyOs+N+t6Y5HwE/rxo9OMRiBD1Va+K93302BflGx/fs8/alumF7eHqomXV8K\npUSGB2atKTpC0j5pQ2uKAXtYDjNgb+9D4H0OXcPZOjfhLaKsAGbuAY4+43GRrqW7\nJmm4kZsXIpX6W5ygGNhwu6QCcf8Ry0pWGcieta/KfAQiKPyDyQXQJ/lmfLf6TncD\nn3vzFxOUR60og5G+SQMVIbzExmW8iL/eRbWORRZnqkq5vVg1UlvC7dN5xmPId8PW\nyArTlym6Kaqv/W2d0OUO1kVbLWP7a5XdHZ06nVtvNxRVEROF4srVYfLh8npLIqV3\nMfMMgGA/DoDjc7xZsnn9CKbyfoKsaV1Aw+tTQFs5BZqKjblW4jqTmVQQo7J+rIIi\n+Stp+NMUvBj0Qu8WeI/idhdjt5H4UdIsCxu+51uhw3NjkuemHSYvWeMMwAQKWVgO\n8n8KqPKzA578U9QdwTgXAoIBAQDrlhxLLGXN9QDQtPWYuKPAztvuSWBdWyQf9HQr\nrprQ7sAuKJvsrT3wP6wVyit1sTBcYMaxknfu9wPKn1U/L/cFxDhCK5qr4RDFehor\nDkEqb334EXRLf7tweFrlC8y061Hq61hGU8l6H9Tld0hYYPV1YvEALa8iKRQ0nzIr\n3jk01K2l4royqjZZkOM2IjsYdY9tJftwOcwNwTp8E7HsVos3SklLXFQUrucJXgHD\n8qf2Wo5YdGB5bxp5s2xBqlmtCRTTq0Ml1NqBG8WIEQMrJkRWG4R2WBZbklIryqoB\nC6+DPvzTw5u9ZPlcCiDq5cnF3yN1CRMBDYZhbOsZo4W/DXQ/AoIBAQD5YhMNT9MP\nvzMxS0EKlyikYX4ydfw+uz35yic3LCgTmybhJ7VbAh5bhEStAYfHRubdl76UAFP/\nIKUnzIt1cgF8WUJMou+WLe+1cJAdFr7ZhYFnc6bJDASYjnNN7rJy6xiDnznpV7Ji\nSHiC6lT8n3LSW3C8PLnNzGQVgyyGDpDSDs+BIygcYdy90gYk2sYgaNiGoI8Sdrgb\n0UDpBcRHUzTw+7geU/tdcMnr4zoW92AuKqyvRiTbfoITCIqPKyOa50HiLFgI8vem\nh7djSiaVnPAWKbFvm0R9z8qKoV8zzWQPpvedvPftoOSiruVG7AArNq0Ni8JLavXV\nRTqbIE5rKEiTAoIBAQDdZ74/iAJFhbS2cNtAJIcBdWeMkrlWA4n33i4vv3EQWtGS\nj+e6jzZey/hWoiImAdiJeQpDaHv+wXd2vjfHorRtXvPgfEporqSscwyU2li0IQQq\nV30MV4c5NGN4T5abkWzzcysLLUN02uWionADX1xQbiRBHq4xVJoAunzUbY0l8Zsh\nA+wqIX3ivyBKh/EyE4ov8jpURn1Xj/n/EiNtEgjUdaRchvEeXyIS056lITBpfsG4\nr+bbOWeQaOec7xRIYviH1bTNoTWZkRgbwKFRtC0VH9dlwXOBrAo9zcHoKatRlajW\n/Ecpv/P6ZCp7mGoA5KzWGSkbHDLm7Q4mkl/oJiTRAoIBAQCsHy3JJUwmdS/vGOKm\nXZgWhJemWlqkLXXkHsucP+TVS2O1SUPZsYekYJFJ22GMf/o9/UrzOZq/3xc+deXX\nRL2TxsOEw3ybac8lqrA884L7/TJIZcE6yAmwBbm9kz8lI/BCgDZnQDkFrsFGklfg\nGGkWmTghI8SWLzjwxB2J1SnNYZ2EovA/Tqgdd4T4EOtoWRUBLnYxJzGBOZcUff9v\nvxUuMn5sqEg4wO0M20MvsMN4ecnAG6i6ugErA90mXX7wniaR5UtJufCFxuwjIn2p\nC62FjndB8ad/Mli4ABMGXP9v8iy7eT6hi0fipNXocmDXcqBUVh7fEM7lySdfBBg7\ny4zzAoIBAQCv0t4JvV74Vfln2NMqIxoZ2V6q5z8a2rBQ1K458JgojYOJNh14EhYs\ngg6mX8MfZq4Edv32h5uN5eG+w9VVfMneuoM7YAM/TEvZUhWR5hY5Io47STlcm501\nkwN5CKrBtG+jk/AP14z5lqYmLgxudnNCgJbztW3yVQHXrMeDl28RFuL/aEvT8CUt\n1bn4YXXHYLYLpcZqRrXrh4v4GFh6oDsueLSrMdNe9Bpssf5qmG13gGmWnmwEe2xS\nrlLQq0kG0Z5BrASZer24RpvhoGlqMUBxe8Aqec89Ik1znpNAp7EakUGTkxZsw7GL\nRlupv8R1c1QWsfeVIw/ypuw4Fpg44gF8\n-----END PRIVATE KEY-----\n",
            "public_key_fingerprint_md5": "ed:32:a7:37:0b:ec:db:3a:72:27:be:d9:ca:04:04:53",
            "public_key_fingerprint_sha256": "SHA256:PCpDSYa1RUNAfIiojemWFAdT2endwePairmWb8E8/T0",
            "public_key_openssh": "ssh-rsa AAAAB3NzaC1yc2EAAAADAQABAAACAQDlf0KEVySWWzl2vy9cL4YhJAnXr0U/Yg4eU9IWsc3jKZeCnOg7gehV++pdgjHykMn8tSqxlc62CLWzKfTaCU/Hit7xvjj6WHJdn9yuZJc9b/Gq3pxbnn4uXJXIHvsWDJ6BD3DirSJE8AC1az2B1XNpHC4ltJPn2ofBQbDMOyW/4LFxYtvYwMyvOdhCQ5KX4Tuk4KneGA2aNFOzixqY0giVzi4/7qIXsC0sT4+VrhXJFB0D2WpJm+J8E6V39GTfKCdH96DNH91djGVxy4ObG4vHypNfNkqagqVo7YYMUv+0gGmtyRj1jiGIInR4iWbMkObg/yfXiML9OzJ5xAgxE8Wo8+uMHGObws9knxWN/pN7GpbLUD6Xk7R3s1H0HfzXuSHT9kVQgQMGh5i+vH7Z2RbMSfPWY8bRP7narLjQdKM8YWijFYKe2ft3GJWl3s2srgxMsKT1R0rAmq0DoqJsK6vT6Wx0O2BtAeRDRL4Eg8pfiEQcb4mkLX7y7Df0yjDmiqWpNutIDVgiMRqOMXkUp7GykGbhmOgzwKyasfTPxs2dTZDkWvQrfg1XIx+RxNWgIuuFXeP0ekWP/vnzX0NcvNiKAEPiWUc1KhPCQZJPo9+5H6ET2nbKcMI5KoVEIzlTGXooe1Q4fpb8h3pX5enjfcMLzwWCv3sBCx02PUhq/EN4LQ==\n",
            "public_key_pem": "-----BEGIN PUBLIC KEY-----\nMIICIjANBgkqhkiG9w0BAQEFAAOCAg8AMIICCgKCAgEA5X9ChFcklls5dr8vXC+G\nISQJ169FP2IOHlPSFrHN4ymXgpzoO4HoVfvqXYIx8pDJ/LUqsZXOtgi1syn02glP\nx4re8b44+lhyXZ/crmSXPW/xqt6cW55+LlyVyB77FgyegQ9w4q0iRPAAtWs9gdVz\naRwuJbST59qHwUGwzDslv+CxcWLb2MDMrznYQkOSl+E7pOCp3hgNmjRTs4samNII\nlc4uP+6iF7AtLE+Pla4VyRQdA9lqSZvifBOld/Rk3ygnR/egzR/dXYxlccuDmxuL\nx8qTXzZKmoKlaO2GDFL/tIBprckY9Y4hiCJ0eIlmzJDm4P8n14jC/TsyecQIMRPF\nqPPrjBxjm8LPZJ8Vjf6TexqWy1A+l5O0d7NR9B3817kh0/ZFUIEDBoeYvrx+2dkW\nzEnz1mPG0T+52qy40HSjPGFooxWCntn7dxiVpd7NrK4MTLCk9UdKwJqtA6KibCur\n0+lsdDtgbQHkQ0S+BIPKX4hEHG+JpC1+8uw39Mow5oqlqTbrSA1YIjEajjF5FKex\nspBm4ZjoM8CsmrH0z8bNnU2Q5Fr0K34NVyMfkcTVoCLrhV3j9HpFj/75819DXLzY\nigBD4llHNSoTwkGST6PfuR+hE9p2ynDCOSqFRCM5Uxl6KHtUOH6W/Id6V+Xp433D\nC88Fgr97AQsdNj1IavxDeC0CAwEAAQ==\n-----END PUBLIC KEY-----\n",
            "rsa_bits": 4096
          },
          "sensitive_attributes": [
            [
              {
                "type": "get_attr",
                "value": "private_key_openssh"
              }
            ],
            [
              {
                "type": "get_attr",
                "value": "private_key_pem_pkcs8"
              }
            ],
            [
              {
                "type": "get_attr",
                "value": "private_key_pem"
              }
            ]
          ]
        }
      ]
    }
  ],
  "check_results": null
}
