{
  "version": 4,
  "terraform_version": "1.11.3",
  "serial": 498,
  "lineage": "6e1b1dc4-a82c-90f1-a74c-bea4510a0c48",
  "outputs": {
    "backend_instance_id": {
      "value": "i-0e12ae97a0d5ea3e2",
      "type": "string"
    },
    "public_subnet_ids": {
      "value": [
        "subnet-0e7cf1e3b8fb9581b",
        "subnet-03c22c2fa95e19328"
      ],
      "type": [
        "tuple",
        [
          "string",
          "string"
        ]
      ]
    },
    "vpc_id": {
      "value": "vpc-0329bb1366fdb5c28",
      "type": "string"
    }
  },
  "resources": [
    {
      "mode": "data",
      "type": "aws_ami",
      "name": "ubuntu",
      "provider": "provider[\"registry.terraform.io/hashicorp/aws\"]",
      "instances": [
        {
          "schema_version": 0,
          "attributes": {
            "architecture": "x86_64",
            "arn": "arn:aws:ec2:eu-west-2::image/ami-019a63e66799737f9",
            "block_device_mappings": [
              {
                "device_name": "/dev/sda1",
                "ebs": {
                  "delete_on_termination": "true",
                  "encrypted": "false",
                  "iops": "0",
                  "snapshot_id": "snap-087cbea585da84c5c",
                  "throughput": "0",
                  "volume_size": "8",
                  "volume_type": "gp2"
                },
                "no_device": "",
                "virtual_name": ""
              },
              {
                "device_name": "/dev/sdb",
                "ebs": {},
                "no_device": "",
                "virtual_name": "ephemeral0"
              },
              {
                "device_name": "/dev/sdc",
                "ebs": {},
                "no_device": "",
                "virtual_name": "ephemeral1"
              }
            ],
            "boot_mode": "uefi-preferred",
            "creation_date": "2025-04-25T07:01:03.000Z",
            "deprecation_time": "2027-04-25T07:01:03.000Z",
            "description": "Canonical, Ubuntu, 22.04, amd64 jammy image",
            "ena_support": true,
            "executable_users": null,
            "filter": [
              {
                "name": "name",
                "values": [
                  "ubuntu/images/hvm-ssd/ubuntu-jammy-22.04-amd64-server-*"
                ]
              },
              {
                "name": "virtualization-type",
                "values": [
                  "hvm"
                ]
              }
            ],
            "hypervisor": "xen",
            "id": "ami-019a63e66799737f9",
            "image_id": "ami-019a63e66799737f9",
            "image_location": "amazon/ubuntu/images/hvm-ssd/ubuntu-jammy-22.04-amd64-server-20250425",
            "image_owner_alias": "amazon",
            "image_type": "machine",
            "imds_support": "",
            "include_deprecated": false,
            "kernel_id": "",
            "last_launched_time": "",
            "most_recent": true,
            "name": "ubuntu/images/hvm-ssd/ubuntu-jammy-22.04-amd64-server-20250425",
            "name_regex": null,
            "owner_id": "099720109477",
            "owners": [
              "099720109477"
            ],
            "platform": "",
            "platform_details": "Linux/UNIX",
            "product_codes": [],
            "public": true,
            "ramdisk_id": "",
            "root_device_name": "/dev/sda1",
            "root_device_type": "ebs",
            "root_snapshot_id": "snap-087cbea585da84c5c",
            "sriov_net_support": "simple",
            "state": "available",
            "state_reason": {
              "code": "UNSET",
              "message": "UNSET"
            },
            "tags": {},
            "timeouts": null,
            "tpm_support": "",
            "uefi_data": null,
            "usage_operation": "RunInstances",
            "virtualization_type": "hvm"
          },
          "sensitive_attributes": []
        }
      ]
    },
    {
      "mode": "data",
      "type": "aws_availability_zones",
      "name": "available",
      "provider": "provider[\"registry.terraform.io/hashicorp/aws\"]",
      "instances": [
        {
          "schema_version": 0,
          "attributes": {
            "all_availability_zones": null,
            "exclude_names": null,
            "exclude_zone_ids": null,
            "filter": null,
            "group_names": [
              "eu-west-2-zg-1"
            ],
            "id": "eu-west-2",
            "names": [
              "eu-west-2a",
              "eu-west-2b",
              "eu-west-2c"
            ],
            "state": null,
            "timeouts": null,
            "zone_ids": [
              "euw2-az2",
              "euw2-az3",
              "euw2-az1"
            ]
          },
          "sensitive_attributes": []
        }
      ]
    },
    {
      "mode": "managed",
      "type": "aws_eip",
      "name": "nat_eip",
      "provider": "provider[\"registry.terraform.io/hashicorp/aws\"]",
      "instances": [
        {
          "schema_version": 0,
          "attributes": {
            "address": null,
            "allocation_id": "eipalloc-0b160bc977fa2c6df",
            "arn": "arn:aws:ec2:eu-west-2:891377361231:elastic-ip/eipalloc-0b160bc977fa2c6df",
            "associate_with_private_ip": null,
            "association_id": "",
            "carrier_ip": "",
            "customer_owned_ip": "",
            "customer_owned_ipv4_pool": "",
            "domain": "vpc",
            "id": "eipalloc-0b160bc977fa2c6df",
            "instance": "",
            "ipam_pool_id": null,
            "network_border_group": "eu-west-2",
            "network_interface": "",
            "private_dns": null,
            "private_ip": "",
            "ptr_record": "",
            "public_dns": "ec2-18-168-59-200.eu-west-2.compute.amazonaws.com",
            "public_ip": "18.168.59.200",
            "public_ipv4_pool": "amazon",
            "tags": null,
            "tags_all": {},
            "timeouts": null,
            "vpc": true
          },
          "sensitive_attributes": [],
          "private": "eyJlMmJmYjczMC1lY2FhLTExZTYtOGY4OC0zNDM2M2JjN2M0YzAiOnsiZGVsZXRlIjoxODAwMDAwMDAwMDAsInJlYWQiOjkwMDAwMDAwMDAwMCwidXBkYXRlIjozMDAwMDAwMDAwMDB9fQ=="
        }
      ]
    },
    {
      "mode": "managed",
      "type": "aws_iam_instance_profile",
      "name": "ssm_profile",
      "provider": "provider[\"registry.terraform.io/hashicorp/aws\"]",
      "instances": [
        {
          "schema_version": 0,
          "attributes": {
            "arn": "arn:aws:iam::891377361231:instance-profile/backend-ssm-profile",
            "create_date": "2025-04-25T16:51:31Z",
            "id": "backend-ssm-profile",
            "name": "backend-ssm-profile",
            "name_prefix": "",
            "path": "/",
            "role": "backend-ssm-role",
            "tags": null,
            "tags_all": {},
            "unique_id": "AIPA47CR3EFH5KIQFLGRN"
          },
          "sensitive_attributes": [],
          "private": "bnVsbA==",
          "dependencies": [
            "aws_iam_role.ssm_role"
          ]
        }
      ]
    },
    {
      "mode": "managed",
      "type": "aws_iam_role",
      "name": "ssm_role",
      "provider": "provider[\"registry.terraform.io/hashicorp/aws\"]",
      "instances": [
        {
          "schema_version": 0,
          "attributes": {
            "arn": "arn:aws:iam::891377361231:role/backend-ssm-role",
            "assume_role_policy": "{\"Statement\":[{\"Action\":\"sts:AssumeRole\",\"Effect\":\"Allow\",\"Principal\":{\"Service\":\"ec2.amazonaws.com\"}}],\"Version\":\"2012-10-17\"}",
            "create_date": "2025-04-25T16:51:30Z",
            "description": "",
            "force_detach_policies": false,
            "id": "backend-ssm-role",
            "inline_policy": [],
            "managed_policy_arns": [],
            "max_session_duration": 3600,
            "name": "backend-ssm-role",
            "name_prefix": "",
            "path": "/",
            "permissions_boundary": "",
            "tags": null,
            "tags_all": {},
            "unique_id": "AROA47CR3EFHX4XUXDHBR"
          },
          "sensitive_attributes": [],
          "private": "bnVsbA=="
        }
      ]
    },
    {
      "mode": "managed",
      "type": "aws_iam_role_policy_attachment",
      "name": "ssm_policy",
      "provider": "provider[\"registry.terraform.io/hashicorp/aws\"]",
      "instances": [
        {
          "schema_version": 0,
          "attributes": {
            "id": "backend-ssm-role-20250425165131374800000001",
            "policy_arn": "arn:aws:iam::aws:policy/AmazonSSMManagedInstanceCore",
            "role": "backend-ssm-role"
          },
          "sensitive_attributes": [],
          "private": "bnVsbA==",
          "dependencies": [
            "aws_iam_role.ssm_role"
          ]
        }
      ]
    },
    {
      "mode": "managed",
      "type": "aws_instance",
      "name": "backend",
      "provider": "provider[\"registry.terraform.io/hashicorp/aws\"]",
      "instances": [
        {
          "schema_version": 1,
          "attributes": {
            "ami": "ami-0fbbcfb8985f9a341",
            "arn": "arn:aws:ec2:eu-west-2:891377361231:instance/i-0e12ae97a0d5ea3e2",
            "associate_public_ip_address": true,
            "availability_zone": "eu-west-2a",
            "capacity_reservation_specification": [
              {
                "capacity_reservation_preference": "open",
                "capacity_reservation_target": []
              }
            ],
            "cpu_core_count": 1,
            "cpu_options": [
              {
                "amd_sev_snp": "",
                "core_count": 1,
                "threads_per_core": 2
              }
            ],
            "cpu_threads_per_core": 2,
            "credit_specification": [
              {
                "cpu_credits": "unlimited"
              }
            ],
            "disable_api_stop": false,
            "disable_api_termination": false,
            "ebs_block_device": [],
            "ebs_optimized": false,
            "enable_primary_ipv6": null,
            "enclave_options": [
              {
                "enabled": false
              }
            ],
            "ephemeral_block_device": [],
            "get_password_data": false,
            "hibernation": false,
            "host_id": "",
            "host_resource_group_arn": null,
            "iam_instance_profile": "backend-ssm-profile",
            "id": "i-0e12ae97a0d5ea3e2",
            "instance_initiated_shutdown_behavior": "stop",
            "instance_lifecycle": "",
            "instance_market_options": [],
            "instance_state": "running",
            "instance_type": "t3.micro",
            "ipv6_address_count": 0,
            "ipv6_addresses": [],
            "key_name": "ec2-bastion-key-pair",
            "launch_template": [],
            "maintenance_options": [
              {
                "auto_recovery": "default"
              }
            ],
            "metadata_options": [
              {
                "http_endpoint": "enabled",
                "http_protocol_ipv6": "disabled",
                "http_put_response_hop_limit": 2,
                "http_tokens": "required",
                "instance_metadata_tags": "disabled"
              }
            ],
            "monitoring": false,
            "network_interface": [],
            "outpost_arn": "",
            "password_data": "",
            "placement_group": "",
            "placement_partition_number": 0,
            "primary_network_interface_id": "eni-0d880b68b3a777d2a",
            "private_dns": "ip-10-0-1-232.eu-west-2.compute.internal",
            "private_dns_name_options": [
              {
                "enable_resource_name_dns_a_record": false,
                "enable_resource_name_dns_aaaa_record": false,
                "hostname_type": "ip-name"
              }
            ],
            "private_ip": "10.0.1.232",
            "public_dns": "ec2-18-171-186-49.eu-west-2.compute.amazonaws.com",
            "public_ip": "18.171.186.49",
            "root_block_device": [
              {
                "delete_on_termination": true,
                "device_name": "/dev/xvda",
                "encrypted": false,
                "iops": 3000,
                "kms_key_id": "",
                "tags": {},
                "tags_all": {},
                "throughput": 125,
                "volume_id": "vol-04a046f6bbaede569",
                "volume_size": 8,
                "volume_type": "gp3"
              }
            ],
            "secondary_private_ips": [],
            "security_groups": [],
            "source_dest_check": true,
            "spot_instance_request_id": "",
            "subnet_id": "subnet-0e7cf1e3b8fb9581b",
            "tags": {
              "Name": "backend-server"
            },
            "tags_all": {
              "Name": "backend-server"
            },
            "tenancy": "default",
            "timeouts": null,
            "user_data": null,
            "user_data_base64": null,
            "user_data_replace_on_change": false,
            "volume_tags": null,
            "vpc_security_group_ids": [
              "sg-08e24f8a55966eea6"
            ]
          },
          "sensitive_attributes": [],
          "private": "eyJlMmJmYjczMC1lY2FhLTExZTYtOGY4OC0zNDM2M2JjN2M0YzAiOnsiY3JlYXRlIjo2MDAwMDAwMDAwMDAsImRlbGV0ZSI6MTIwMDAwMDAwMDAwMCwicmVhZCI6OTAwMDAwMDAwMDAwLCJ1cGRhdGUiOjYwMDAwMDAwMDAwMH0sInNjaGVtYV92ZXJzaW9uIjoiMSJ9",
          "dependencies": [
            "aws_iam_instance_profile.ssm_profile",
            "aws_iam_role.ssm_role",
            "aws_key_pair.ec2-bastion-host-key",
            "aws_security_group.backend_sg",
            "aws_subnet.public",
            "aws_vpc.main",
            "data.aws_availability_zones.available",
            "local_file.ec2-bastion-host-public-key",
            "tls_private_key.ec2-bastion-host-key-pair"
          ]
        }
      ]
    },
    {
      "mode": "managed",
      "type": "aws_internet_gateway",
      "name": "igw",
      "provider": "provider[\"registry.terraform.io/hashicorp/aws\"]",
      "instances": [
        {
          "schema_version": 0,
          "attributes": {
            "arn": "arn:aws:ec2:eu-west-2:891377361231:internet-gateway/igw-0b51ccc5356fd410e",
            "id": "igw-0b51ccc5356fd410e",
            "owner_id": "891377361231",
            "tags": {
              "Environment": "staging",
              "Name": "backend-igw"
            },
            "tags_all": {
              "Environment": "staging",
              "Name": "backend-igw"
            },
            "timeouts": null,
            "vpc_id": "vpc-0329bb1366fdb5c28"
          },
          "sensitive_attributes": [],
          "private": "eyJlMmJmYjczMC1lY2FhLTExZTYtOGY4OC0zNDM2M2JjN2M0YzAiOnsiY3JlYXRlIjoxMjAwMDAwMDAwMDAwLCJkZWxldGUiOjEyMDAwMDAwMDAwMDAsInVwZGF0ZSI6MTIwMDAwMDAwMDAwMH19",
          "dependencies": [
            "aws_vpc.main"
          ]
        }
      ]
    },
    {
      "mode": "managed",
      "type": "aws_key_pair",
      "name": "ec2-bastion-host-key",
      "provider": "provider[\"registry.terraform.io/hashicorp/aws\"]",
      "instances": [
        {
          "schema_version": 1,
          "attributes": {
            "arn": "arn:aws:ec2:eu-west-2:891377361231:key-pair/ec2-bastion-key-pair",
            "fingerprint": "82:27:f3:c3:d1:9c:3d:c3:c5:21:d4:34:2d:4d:41:22",
            "id": "ec2-bastion-key-pair",
            "key_name": "ec2-bastion-key-pair",
            "key_name_prefix": "",
            "key_pair_id": "key-0bf440d71bc6724ad",
            "key_type": "rsa",
            "public_key": "ssh-rsa AAAAB3NzaC1yc2EAAAADAQABAAACAQC2t0RMAQmcAGsp5SjkyWQ9ZKsrToki9cWVId1kbSpd5fjGbjZwIPsk34dxcHVWZz9px7I3nU3uK2bFzRFln4tYQun7k/Z/ejoeoWSCyXU6ZGT2YN036eLVs5PB8Xjfyir4/O/ZheElVBPRAhQSflyTLl777AHQ5ndjduiIDMyodgXpl752MumN6SO08+PBV7qvX12Zvq1MN1cg9zsYKSQJS9OlzbQd86qI6P3QTy/x1gn4SqnCgTplN2oZJdpljji9kTss5dMeNthK4Q1MY8oHgguMQy0r5M9k8DzGXXTs3+ZEixX/AEOjy+jV9AuYC5InQ7qqfoleT9d1Szm6rFzWZJjjf3up0zUykoOrXBKliWObY2V4Yyl5/DsnTHerRmB9TUIpTI3ASCyVUqOqRiWY6T/mDj97tVjdfxb2g8b7oYZz+zYxcXYLBHY0FNlSyxF48lZdZAsMY+F/Ou6M86b0CV5DlnSBEAO2P98M9wZSEZeIR6RhiGHi3whi5SGdKEsX3yuw1h1JTdfJ2uQB65EAXTM44PN++FHvRiFgQaxEa/g90A1/fDMkr/6BkcmrX9qE85b5kebDcqJCqvMnlLiIOh4dDcJNN5j6XOo5PAhgMJmC3HYUJIOLZyMGDbf/WRppqtltMGcPAUcZg9ROWuXfJlZ6DNGckBxlKG3P7pc9vQ==",
            "tags": null,
            "tags_all": {}
          },
          "sensitive_attributes": [],
          "private": "eyJzY2hlbWFfdmVyc2lvbiI6IjEifQ==",
          "dependencies": [
            "local_file.ec2-bastion-host-public-key",
            "tls_private_key.ec2-bastion-host-key-pair"
          ]
        }
      ]
    },
    {
      "mode": "managed",
      "type": "aws_nat_gateway",
      "name": "nat",
      "provider": "provider[\"registry.terraform.io/hashicorp/aws\"]",
      "instances": [
        {
          "schema_version": 0,
          "attributes": {
            "allocation_id": "eipalloc-0b160bc977fa2c6df",
            "association_id": "eipassoc-0e29e09301128ca45",
            "connectivity_type": "public",
            "id": "nat-0f7a84a704ff48e83",
            "network_interface_id": "eni-00260311e23dbadc7",
            "private_ip": "10.0.1.105",
            "public_ip": "18.168.59.200",
            "secondary_allocation_ids": null,
            "secondary_private_ip_address_count": 0,
            "secondary_private_ip_addresses": [],
            "subnet_id": "subnet-0e7cf1e3b8fb9581b",
            "tags": {
              "Name": "nat-gw"
            },
            "tags_all": {
              "Name": "nat-gw"
            },
            "timeouts": null
          },
          "sensitive_attributes": [],
          "private": "eyJlMmJmYjczMC1lY2FhLTExZTYtOGY4OC0zNDM2M2JjN2M0YzAiOnsiY3JlYXRlIjo2MDAwMDAwMDAwMDAsImRlbGV0ZSI6MTgwMDAwMDAwMDAwMCwidXBkYXRlIjo2MDAwMDAwMDAwMDB9fQ==",
          "dependencies": [
            "aws_eip.nat_eip",
            "aws_subnet.public",
            "aws_vpc.main",
            "data.aws_availability_zones.available"
          ]
        }
      ]
    },
    {
      "mode": "managed",
      "type": "aws_route",
      "name": "public_route",
      "provider": "provider[\"registry.terraform.io/hashicorp/aws\"]",
      "instances": [
        {
          "schema_version": 0,
          "attributes": {
            "carrier_gateway_id": "",
            "core_network_arn": "",
            "destination_cidr_block": "0.0.0.0/0",
            "destination_ipv6_cidr_block": "",
            "destination_prefix_list_id": "",
            "egress_only_gateway_id": "",
            "gateway_id": "igw-0b51ccc5356fd410e",
            "id": "r-rtb-0b152987fb26544fb1080289494",
            "instance_id": "",
            "instance_owner_id": "",
            "local_gateway_id": "",
            "nat_gateway_id": "",
            "network_interface_id": "",
            "origin": "CreateRoute",
            "route_table_id": "rtb-0b152987fb26544fb",
            "state": "active",
            "timeouts": null,
            "transit_gateway_id": "",
            "vpc_endpoint_id": "",
            "vpc_peering_connection_id": ""
          },
          "sensitive_attributes": [],
          "private": "eyJlMmJmYjczMC1lY2FhLTExZTYtOGY4OC0zNDM2M2JjN2M0YzAiOnsiY3JlYXRlIjozMDAwMDAwMDAwMDAsImRlbGV0ZSI6MzAwMDAwMDAwMDAwLCJ1cGRhdGUiOjEyMDAwMDAwMDAwMH19",
          "dependencies": [
            "aws_internet_gateway.igw",
            "aws_route_table.public",
            "aws_vpc.main"
          ]
        }
      ]
    },
    {
      "mode": "managed",
      "type": "aws_route_table",
      "name": "public",
      "provider": "provider[\"registry.terraform.io/hashicorp/aws\"]",
      "instances": [
        {
          "schema_version": 0,
          "attributes": {
            "arn": "arn:aws:ec2:eu-west-2:891377361231:route-table/rtb-0b152987fb26544fb",
            "id": "rtb-0b152987fb26544fb",
            "owner_id": "891377361231",
            "propagating_vgws": [],
            "route": [],
            "tags": {
              "Environment": "staging",
              "Name": "i-one-route"
            },
            "tags_all": {
              "Environment": "staging",
              "Name": "i-one-route"
            },
            "timeouts": null,
            "vpc_id": "vpc-0329bb1366fdb5c28"
          },
          "sensitive_attributes": [],
          "private": "eyJlMmJmYjczMC1lY2FhLTExZTYtOGY4OC0zNDM2M2JjN2M0YzAiOnsiY3JlYXRlIjozMDAwMDAwMDAwMDAsImRlbGV0ZSI6MzAwMDAwMDAwMDAwLCJ1cGRhdGUiOjEyMDAwMDAwMDAwMH19",
          "dependencies": [
            "aws_vpc.main"
          ]
        }
      ]
    },
    {
      "mode": "managed",
      "type": "aws_route_table_association",
      "name": "private",
      "provider": "provider[\"registry.terraform.io/hashicorp/aws\"]",
      "instances": [
        {
          "index_key": 0,
          "schema_version": 0,
          "attributes": {
            "gateway_id": "",
            "id": "rtbassoc-02bbdb2827fa5a66a",
            "route_table_id": "rtb-0b152987fb26544fb",
            "subnet_id": "subnet-0e7cf1e3b8fb9581b",
            "timeouts": null
          },
          "sensitive_attributes": [],
          "private": "eyJlMmJmYjczMC1lY2FhLTExZTYtOGY4OC0zNDM2M2JjN2M0YzAiOnsiY3JlYXRlIjozMDAwMDAwMDAwMDAsImRlbGV0ZSI6MzAwMDAwMDAwMDAwLCJ1cGRhdGUiOjEyMDAwMDAwMDAwMH19",
          "dependencies": [
            "aws_route_table.public",
            "aws_subnet.public",
            "aws_vpc.main",
            "data.aws_availability_zones.available"
          ]
        },
        {
          "index_key": 1,
          "schema_version": 0,
          "attributes": {
            "gateway_id": "",
            "id": "rtbassoc-02fb50a32e41db3e3",
            "route_table_id": "rtb-0b152987fb26544fb",
            "subnet_id": "subnet-03c22c2fa95e19328",
            "timeouts": null
          },
          "sensitive_attributes": [],
          "private": "eyJlMmJmYjczMC1lY2FhLTExZTYtOGY4OC0zNDM2M2JjN2M0YzAiOnsiY3JlYXRlIjozMDAwMDAwMDAwMDAsImRlbGV0ZSI6MzAwMDAwMDAwMDAwLCJ1cGRhdGUiOjEyMDAwMDAwMDAwMH19",
          "dependencies": [
            "aws_route_table.public",
            "aws_subnet.public",
            "aws_vpc.main",
            "data.aws_availability_zones.available"
          ]
        }
      ]
    },
    {
      "mode": "managed",
      "type": "aws_security_group",
      "name": "backend_sg",
      "provider": "provider[\"registry.terraform.io/hashicorp/aws\"]",
      "instances": [
        {
          "schema_version": 1,
          "attributes": {
            "arn": "arn:aws:ec2:eu-west-2:891377361231:security-group/sg-08e24f8a55966eea6",
            "description": "Managed by Terraform",
            "egress": [],
            "id": "sg-08e24f8a55966eea6",
            "ingress": [],
            "name": "backend-sg",
            "name_prefix": "",
            "owner_id": "891377361231",
            "revoke_rules_on_delete": false,
            "tags": {
              "Environment": "staging",
              "Name": "i-One-backend"
            },
            "tags_all": {
              "Environment": "staging",
              "Name": "i-One-backend"
            },
            "timeouts": null,
            "vpc_id": "vpc-0329bb1366fdb5c28"
          },
          "sensitive_attributes": [],
          "private": "eyJlMmJmYjczMC1lY2FhLTExZTYtOGY4OC0zNDM2M2JjN2M0YzAiOnsiY3JlYXRlIjo2MDAwMDAwMDAwMDAsImRlbGV0ZSI6OTAwMDAwMDAwMDAwfSwic2NoZW1hX3ZlcnNpb24iOiIxIn0=",
          "dependencies": [
            "aws_vpc.main"
          ]
        }
      ]
    },
    {
      "mode": "managed",
      "type": "aws_security_group",
      "name": "vpce_sg",
      "provider": "provider[\"registry.terraform.io/hashicorp/aws\"]",
      "instances": [
        {
          "schema_version": 1,
          "attributes": {
            "arn": "arn:aws:ec2:eu-west-2:891377361231:security-group/sg-002f321bce297e5ab",
            "description": "security group for VPC endpoints",
            "egress": [],
            "id": "sg-002f321bce297e5ab",
            "ingress": [],
            "name": "vpc-sg",
            "name_prefix": "",
            "owner_id": "891377361231",
            "revoke_rules_on_delete": false,
            "tags": null,
            "tags_all": {},
            "timeouts": null,
            "vpc_id": "vpc-0329bb1366fdb5c28"
          },
          "sensitive_attributes": [],
          "private": "eyJlMmJmYjczMC1lY2FhLTExZTYtOGY4OC0zNDM2M2JjN2M0YzAiOnsiY3JlYXRlIjo2MDAwMDAwMDAwMDAsImRlbGV0ZSI6OTAwMDAwMDAwMDAwfSwic2NoZW1hX3ZlcnNpb24iOiIxIn0=",
          "dependencies": [
            "aws_vpc.main"
          ]
        }
      ]
    },
    {
      "mode": "managed",
      "type": "aws_subnet",
      "name": "public",
      "provider": "provider[\"registry.terraform.io/hashicorp/aws\"]",
      "instances": [
        {
          "index_key": 0,
          "schema_version": 1,
          "attributes": {
            "arn": "arn:aws:ec2:eu-west-2:891377361231:subnet/subnet-0e7cf1e3b8fb9581b",
            "assign_ipv6_address_on_creation": false,
            "availability_zone": "eu-west-2a",
            "availability_zone_id": "euw2-az2",
            "cidr_block": "10.0.1.0/24",
            "customer_owned_ipv4_pool": "",
            "enable_dns64": false,
            "enable_lni_at_device_index": 0,
            "enable_resource_name_dns_a_record_on_launch": false,
            "enable_resource_name_dns_aaaa_record_on_launch": false,
            "id": "subnet-0e7cf1e3b8fb9581b",
            "ipv6_cidr_block": "",
            "ipv6_cidr_block_association_id": "",
            "ipv6_native": false,
            "map_customer_owned_ip_on_launch": false,
            "map_public_ip_on_launch": true,
            "outpost_arn": "",
            "owner_id": "891377361231",
            "private_dns_hostname_type_on_launch": "ip-name",
            "tags": {
              "Environment": "staging",
              "Name": "public-subnet-a"
            },
            "tags_all": {
              "Environment": "staging",
              "Name": "public-subnet-a"
            },
            "timeouts": null,
            "vpc_id": "vpc-0329bb1366fdb5c28"
          },
          "sensitive_attributes": [],
          "private": "eyJlMmJmYjczMC1lY2FhLTExZTYtOGY4OC0zNDM2M2JjN2M0YzAiOnsiY3JlYXRlIjo2MDAwMDAwMDAwMDAsImRlbGV0ZSI6MTIwMDAwMDAwMDAwMH0sInNjaGVtYV92ZXJzaW9uIjoiMSJ9",
          "dependencies": [
            "aws_vpc.main",
            "data.aws_availability_zones.available"
          ]
        },
        {
          "index_key": 1,
          "schema_version": 1,
          "attributes": {
            "arn": "arn:aws:ec2:eu-west-2:891377361231:subnet/subnet-03c22c2fa95e19328",
            "assign_ipv6_address_on_creation": false,
            "availability_zone": "eu-west-2b",
            "availability_zone_id": "euw2-az3",
            "cidr_block": "10.0.2.0/24",
            "customer_owned_ipv4_pool": "",
            "enable_dns64": false,
            "enable_lni_at_device_index": 0,
            "enable_resource_name_dns_a_record_on_launch": false,
            "enable_resource_name_dns_aaaa_record_on_launch": false,
            "id": "subnet-03c22c2fa95e19328",
            "ipv6_cidr_block": "",
            "ipv6_cidr_block_association_id": "",
            "ipv6_native": false,
            "map_customer_owned_ip_on_launch": false,
            "map_public_ip_on_launch": true,
            "outpost_arn": "",
            "owner_id": "891377361231",
            "private_dns_hostname_type_on_launch": "ip-name",
            "tags": {
              "Environment": "staging",
              "Name": "public-subnet-a"
            },
            "tags_all": {
              "Environment": "staging",
              "Name": "public-subnet-a"
            },
            "timeouts": null,
            "vpc_id": "vpc-0329bb1366fdb5c28"
          },
          "sensitive_attributes": [],
          "private": "eyJlMmJmYjczMC1lY2FhLTExZTYtOGY4OC0zNDM2M2JjN2M0YzAiOnsiY3JlYXRlIjo2MDAwMDAwMDAwMDAsImRlbGV0ZSI6MTIwMDAwMDAwMDAwMH0sInNjaGVtYV92ZXJzaW9uIjoiMSJ9",
          "dependencies": [
            "aws_vpc.main",
            "data.aws_availability_zones.available"
          ]
        }
      ]
    },
    {
      "mode": "managed",
      "type": "aws_vpc",
      "name": "main",
      "provider": "provider[\"registry.terraform.io/hashicorp/aws\"]",
      "instances": [
        {
          "schema_version": 1,
          "attributes": {
            "arn": "arn:aws:ec2:eu-west-2:891377361231:vpc/vpc-0329bb1366fdb5c28",
            "assign_generated_ipv6_cidr_block": false,
            "cidr_block": "10.0.0.0/16",
            "default_network_acl_id": "acl-08d3c28f39eca0ba9",
            "default_route_table_id": "rtb-01d792f5593263474",
            "default_security_group_id": "sg-0f37ec2598c16b041",
            "dhcp_options_id": "dopt-0463bf072b39f7839",
            "enable_dns_hostnames": true,
            "enable_dns_support": true,
            "enable_network_address_usage_metrics": false,
            "id": "vpc-0329bb1366fdb5c28",
            "instance_tenancy": "default",
            "ipv4_ipam_pool_id": null,
            "ipv4_netmask_length": null,
            "ipv6_association_id": "",
            "ipv6_cidr_block": "",
            "ipv6_cidr_block_network_border_group": "",
            "ipv6_ipam_pool_id": "",
            "ipv6_netmask_length": 0,
            "main_route_table_id": "rtb-01d792f5593263474",
            "owner_id": "891377361231",
            "tags": {
              "Environment": "staging",
              "Name": "i-One-backend"
            },
            "tags_all": {
              "Environment": "staging",
              "Name": "i-One-backend"
            }
          },
          "sensitive_attributes": [],
          "private": "eyJzY2hlbWFfdmVyc2lvbiI6IjEifQ=="
        }
      ]
    },
    {
      "mode": "managed",
      "type": "aws_vpc_endpoint",
      "name": "ec2_messages",
      "provider": "provider[\"registry.terraform.io/hashicorp/aws\"]",
      "instances": [
        {
          "schema_version": 0,
          "attributes": {
            "arn": "arn:aws:ec2:eu-west-2:891377361231:vpc-endpoint/vpce-09bcd13388117903a",
            "auto_accept": null,
            "cidr_blocks": [],
            "dns_entry": [
              {
                "dns_name": "vpce-09bcd13388117903a-3adwu3n0.ec2messages.eu-west-2.vpce.amazonaws.com",
                "hosted_zone_id": "Z7K1066E3PUKB"
              },
              {
                "dns_name": "vpce-09bcd13388117903a-3adwu3n0-eu-west-2a.ec2messages.eu-west-2.vpce.amazonaws.com",
                "hosted_zone_id": "Z7K1066E3PUKB"
              },
              {
                "dns_name": "vpce-09bcd13388117903a-3adwu3n0-eu-west-2b.ec2messages.eu-west-2.vpce.amazonaws.com",
                "hosted_zone_id": "Z7K1066E3PUKB"
              },
              {
                "dns_name": "ec2messages.eu-west-2.amazonaws.com",
                "hosted_zone_id": "Z09599592YRIWVOMXE8X7"
              }
            ],
            "dns_options": [
              {
                "dns_record_ip_type": "ipv4",
                "private_dns_only_for_inbound_resolver_endpoint": false
              }
            ],
            "id": "vpce-09bcd13388117903a",
            "ip_address_type": "ipv4",
            "network_interface_ids": [
              "eni-09cc2592104436ba5",
              "eni-0ca64b5f958fd39ae"
            ],
            "owner_id": "891377361231",
            "policy": "{\"Statement\":[{\"Action\":\"*\",\"Effect\":\"Allow\",\"Principal\":\"*\",\"Resource\":\"*\"}]}",
            "prefix_list_id": null,
            "private_dns_enabled": true,
            "requester_managed": false,
            "resource_configuration_arn": "",
            "route_table_ids": [],
            "security_group_ids": [
              "sg-002f321bce297e5ab"
            ],
            "service_name": "com.amazonaws.eu-west-2.ec2messages",
            "service_network_arn": "",
            "service_region": "eu-west-2",
            "state": "available",
            "subnet_configuration": [
              {
                "ipv4": "10.0.1.177",
                "ipv6": "",
                "subnet_id": "subnet-0e7cf1e3b8fb9581b"
              },
              {
                "ipv4": "10.0.2.39",
                "ipv6": "",
                "subnet_id": "subnet-03c22c2fa95e19328"
              }
            ],
            "subnet_ids": [
              "subnet-03c22c2fa95e19328",
              "subnet-0e7cf1e3b8fb9581b"
            ],
            "tags": {
              "Environment": "staging",
              "Name": "ec2messages-endpoint"
            },
            "tags_all": {
              "Environment": "staging",
              "Name": "ec2messages-endpoint"
            },
            "timeouts": null,
            "vpc_endpoint_type": "Interface",
            "vpc_id": "vpc-0329bb1366fdb5c28"
          },
          "sensitive_attributes": [],
          "private": "eyJlMmJmYjczMC1lY2FhLTExZTYtOGY4OC0zNDM2M2JjN2M0YzAiOnsiY3JlYXRlIjo2MDAwMDAwMDAwMDAsImRlbGV0ZSI6NjAwMDAwMDAwMDAwLCJ1cGRhdGUiOjYwMDAwMDAwMDAwMH19",
          "dependencies": [
            "aws_security_group.vpce_sg",
            "aws_subnet.public",
            "aws_vpc.main",
            "data.aws_availability_zones.available"
          ]
        }
      ]
    },
    {
      "mode": "managed",
      "type": "aws_vpc_endpoint",
      "name": "ssm",
      "provider": "provider[\"registry.terraform.io/hashicorp/aws\"]",
      "instances": [
        {
          "schema_version": 0,
          "attributes": {
            "arn": "arn:aws:ec2:eu-west-2:891377361231:vpc-endpoint/vpce-02c75ee2580a6655f",
            "auto_accept": null,
            "cidr_blocks": [],
            "dns_entry": [
              {
                "dns_name": "vpce-02c75ee2580a6655f-wrgy8ox6.ssm.eu-west-2.vpce.amazonaws.com",
                "hosted_zone_id": "Z7K1066E3PUKB"
              },
              {
                "dns_name": "vpce-02c75ee2580a6655f-wrgy8ox6-eu-west-2b.ssm.eu-west-2.vpce.amazonaws.com",
                "hosted_zone_id": "Z7K1066E3PUKB"
              },
              {
                "dns_name": "vpce-02c75ee2580a6655f-wrgy8ox6-eu-west-2a.ssm.eu-west-2.vpce.amazonaws.com",
                "hosted_zone_id": "Z7K1066E3PUKB"
              },
              {
                "dns_name": "ssm.eu-west-2.amazonaws.com",
                "hosted_zone_id": "Z066473237UIU2KXH1E74"
              }
            ],
            "dns_options": [
              {
                "dns_record_ip_type": "ipv4",
                "private_dns_only_for_inbound_resolver_endpoint": false
              }
            ],
            "id": "vpce-02c75ee2580a6655f",
            "ip_address_type": "ipv4",
            "network_interface_ids": [
              "eni-0443656f6ce61a603",
              "eni-0f4079d3d9a5f65a1"
            ],
            "owner_id": "891377361231",
            "policy": "{\"Statement\":[{\"Action\":\"*\",\"Effect\":\"Allow\",\"Principal\":\"*\",\"Resource\":\"*\"}]}",
            "prefix_list_id": null,
            "private_dns_enabled": true,
            "requester_managed": false,
            "resource_configuration_arn": "",
            "route_table_ids": [],
            "security_group_ids": [
              "sg-002f321bce297e5ab"
            ],
            "service_name": "com.amazonaws.eu-west-2.ssm",
            "service_network_arn": "",
            "service_region": "eu-west-2",
            "state": "available",
            "subnet_configuration": [
              {
                "ipv4": "10.0.1.47",
                "ipv6": "",
                "subnet_id": "subnet-0e7cf1e3b8fb9581b"
              },
              {
                "ipv4": "10.0.2.18",
                "ipv6": "",
                "subnet_id": "subnet-03c22c2fa95e19328"
              }
            ],
            "subnet_ids": [
              "subnet-03c22c2fa95e19328",
              "subnet-0e7cf1e3b8fb9581b"
            ],
            "tags": {
              "Environment": "staging",
              "Name": "ssm-endpoint"
            },
            "tags_all": {
              "Environment": "staging",
              "Name": "ssm-endpoint"
            },
            "timeouts": null,
            "vpc_endpoint_type": "Interface",
            "vpc_id": "vpc-0329bb1366fdb5c28"
          },
          "sensitive_attributes": [],
          "private": "eyJlMmJmYjczMC1lY2FhLTExZTYtOGY4OC0zNDM2M2JjN2M0YzAiOnsiY3JlYXRlIjo2MDAwMDAwMDAwMDAsImRlbGV0ZSI6NjAwMDAwMDAwMDAwLCJ1cGRhdGUiOjYwMDAwMDAwMDAwMH19",
          "dependencies": [
            "aws_security_group.vpce_sg",
            "aws_subnet.public",
            "aws_vpc.main",
            "data.aws_availability_zones.available"
          ]
        }
      ]
    },
    {
      "mode": "managed",
      "type": "aws_vpc_security_group_egress_rule",
      "name": "allow_all_traffic_ipv6",
      "provider": "provider[\"registry.terraform.io/hashicorp/aws\"]",
      "instances": [
        {
          "schema_version": 0,
          "attributes": {
            "arn": "arn:aws:ec2:eu-west-2:891377361231:security-group-rule/sgr-0c5130a595a036132",
            "cidr_ipv4": null,
            "cidr_ipv6": "::/0",
            "description": null,
            "from_port": null,
            "id": "sgr-0c5130a595a036132",
            "ip_protocol": "-1",
            "prefix_list_id": null,
            "referenced_security_group_id": null,
            "security_group_id": "sg-002f321bce297e5ab",
            "security_group_rule_id": "sgr-0c5130a595a036132",
            "tags": {
              "Environment": "staging",
              "Name": "vpce_sg_ipv6_egress"
            },
            "tags_all": {
              "Environment": "staging",
              "Name": "vpce_sg_ipv6_egress"
            },
            "to_port": null
          },
          "sensitive_attributes": [],
          "dependencies": [
            "aws_security_group.vpce_sg",
            "aws_vpc.main"
          ]
        }
      ]
    },
    {
      "mode": "managed",
      "type": "aws_vpc_security_group_egress_rule",
      "name": "vpce_sg_rule",
      "provider": "provider[\"registry.terraform.io/hashicorp/aws\"]",
      "instances": [
        {
          "schema_version": 0,
          "attributes": {
            "arn": "arn:aws:ec2:eu-west-2:891377361231:security-group-rule/sgr-031da1416e189f9f2",
            "cidr_ipv4": "0.0.0.0/0",
            "cidr_ipv6": null,
            "description": null,
            "from_port": null,
            "id": "sgr-031da1416e189f9f2",
            "ip_protocol": "-1",
            "prefix_list_id": null,
            "referenced_security_group_id": null,
            "security_group_id": "sg-002f321bce297e5ab",
            "security_group_rule_id": "sgr-031da1416e189f9f2",
            "tags": {
              "Environment": "staging",
              "Name": "vpce_sg_ipv4_egress"
            },
            "tags_all": {
              "Environment": "staging",
              "Name": "vpce_sg_ipv4_egress"
            },
            "to_port": null
          },
          "sensitive_attributes": [],
          "dependencies": [
            "aws_security_group.vpce_sg",
            "aws_vpc.main"
          ]
        }
      ]
    },
    {
      "mode": "managed",
      "type": "aws_vpc_security_group_ingress_rule",
      "name": "backend-sg",
      "provider": "provider[\"registry.terraform.io/hashicorp/aws\"]",
      "instances": [
        {
          "schema_version": 0,
          "attributes": {
            "arn": "arn:aws:ec2:eu-west-2:891377361231:security-group-rule/sgr-009746ae2d958e84e",
            "cidr_ipv4": "10.0.0.0/16",
            "cidr_ipv6": null,
            "description": null,
            "from_port": 8080,
            "id": "sgr-009746ae2d958e84e",
            "ip_protocol": "tcp",
            "prefix_list_id": null,
            "referenced_security_group_id": null,
            "security_group_id": "sg-08e24f8a55966eea6",
            "security_group_rule_id": "sgr-009746ae2d958e84e",
            "tags": null,
            "tags_all": {},
            "to_port": 8080
          },
          "sensitive_attributes": [],
          "dependencies": [
            "aws_security_group.backend_sg",
            "aws_vpc.main"
          ]
        }
      ]
    },
    {
      "mode": "managed",
      "type": "aws_vpc_security_group_ingress_rule",
      "name": "backend_sg_ssh",
      "provider": "provider[\"registry.terraform.io/hashicorp/aws\"]",
      "instances": [
        {
          "schema_version": 0,
          "attributes": {
            "arn": "arn:aws:ec2:eu-west-2:891377361231:security-group-rule/sgr-0d75d9c548f3efee6",
            "cidr_ipv4": "10.0.1.232/32",
            "cidr_ipv6": null,
            "description": null,
            "from_port": 22,
            "id": "sgr-0d75d9c548f3efee6",
            "ip_protocol": "tcp",
            "prefix_list_id": null,
            "referenced_security_group_id": null,
            "security_group_id": "sg-08e24f8a55966eea6",
            "security_group_rule_id": "sgr-0d75d9c548f3efee6",
            "tags": null,
            "tags_all": {},
            "to_port": 22
          },
          "sensitive_attributes": [],
          "dependencies": [
            "aws_iam_instance_profile.ssm_profile",
            "aws_iam_role.ssm_role",
            "aws_instance.backend",
            "aws_key_pair.ec2-bastion-host-key",
            "aws_security_group.backend_sg",
            "aws_subnet.public",
            "aws_vpc.main",
            "data.aws_availability_zones.available",
            "local_file.ec2-bastion-host-public-key",
            "tls_private_key.ec2-bastion-host-key-pair"
          ]
        }
      ]
    },
    {
      "mode": "managed",
      "type": "aws_vpc_security_group_ingress_rule",
      "name": "vpce_sg_ingress",
      "provider": "provider[\"registry.terraform.io/hashicorp/aws\"]",
      "instances": [
        {
          "schema_version": 0,
          "attributes": {
            "arn": "arn:aws:ec2:eu-west-2:891377361231:security-group-rule/sgr-056a8de92b4988aae",
            "cidr_ipv4": "10.0.0.0/16",
            "cidr_ipv6": null,
            "description": null,
            "from_port": 443,
            "id": "sgr-056a8de92b4988aae",
            "ip_protocol": "tcp",
            "prefix_list_id": null,
            "referenced_security_group_id": null,
            "security_group_id": "sg-002f321bce297e5ab",
            "security_group_rule_id": "sgr-056a8de92b4988aae",
            "tags": null,
            "tags_all": {},
            "to_port": 443
          },
          "sensitive_attributes": [],
          "dependencies": [
            "aws_security_group.vpce_sg",
            "aws_vpc.main"
          ]
        }
      ]
    },
    {
      "mode": "managed",
      "type": "local_file",
      "name": "ec2-bastion-host-public-key",
      "provider": "provider[\"registry.terraform.io/hashicorp/local\"]",
      "instances": [
        {
          "schema_version": 0,
          "attributes": {
            "content": "ssh-rsa AAAAB3NzaC1yc2EAAAADAQABAAACAQC2t0RMAQmcAGsp5SjkyWQ9ZKsrToki9cWVId1kbSpd5fjGbjZwIPsk34dxcHVWZz9px7I3nU3uK2bFzRFln4tYQun7k/Z/ejoeoWSCyXU6ZGT2YN036eLVs5PB8Xjfyir4/O/ZheElVBPRAhQSflyTLl777AHQ5ndjduiIDMyodgXpl752MumN6SO08+PBV7qvX12Zvq1MN1cg9zsYKSQJS9OlzbQd86qI6P3QTy/x1gn4SqnCgTplN2oZJdpljji9kTss5dMeNthK4Q1MY8oHgguMQy0r5M9k8DzGXXTs3+ZEixX/AEOjy+jV9AuYC5InQ7qqfoleT9d1Szm6rFzWZJjjf3up0zUykoOrXBKliWObY2V4Yyl5/DsnTHerRmB9TUIpTI3ASCyVUqOqRiWY6T/mDj97tVjdfxb2g8b7oYZz+zYxcXYLBHY0FNlSyxF48lZdZAsMY+F/Ou6M86b0CV5DlnSBEAO2P98M9wZSEZeIR6RhiGHi3whi5SGdKEsX3yuw1h1JTdfJ2uQB65EAXTM44PN++FHvRiFgQaxEa/g90A1/fDMkr/6BkcmrX9qE85b5kebDcqJCqvMnlLiIOh4dDcJNN5j6XOo5PAhgMJmC3HYUJIOLZyMGDbf/WRppqtltMGcPAUcZg9ROWuXfJlZ6DNGckBxlKG3P7pc9vQ==\n",
            "content_base64": null,
            "content_base64sha256": "SxCtng+uQ29QRlf5WBkLojUCoaDVKOF680fqWcxqVyA=",
            "content_base64sha512": "+cSnYKRG0ulhl+j1MqILBJEk3D/dONM9PuHFUYd2qLuZ/qgL+E4JTnMyj6vQb22XJTVH8YBMp0oXzTeihDhLhQ==",
            "content_md5": "2ed074289afea4d056b9953de4c48d5b",
            "content_sha1": "024f3e49f731b3d66a8f68c72363e20a7ad78d73",
            "content_sha256": "4b10ad9e0fae436f504657f958190ba23502a1a0d528e17af347ea59cc6a5720",
            "content_sha512": "f9c4a760a446d2e96197e8f532a20b049124dc3fdd38d33d3ee1c5518776a8bb99fea80bf84e094e73328fabd06f6d97253547f1804ca74a17cd37a284384b85",
            "directory_permission": "0777",
            "file_permission": "0777",
            "filename": "./secrets/ec2-bastion-key-pair.pub",
            "id": "024f3e49f731b3d66a8f68c72363e20a7ad78d73",
            "sensitive_content": null,
            "source": null
          },
          "sensitive_attributes": [
            [
              {
                "type": "get_attr",
                "value": "sensitive_content"
              }
            ]
          ],
          "dependencies": [
            "tls_private_key.ec2-bastion-host-key-pair"
          ]
        }
      ]
    },
    {
      "mode": "managed",
      "type": "local_sensitive_file",
      "name": "ec2-bastion-host-private-key",
      "provider": "provider[\"registry.terraform.io/hashicorp/local\"]",
      "instances": [
        {
          "schema_version": 0,
          "attributes": {
            "content": "-----BEGIN RSA PRIVATE KEY-----\nMIIJKAIBAAKCAgEAtrdETAEJnABrKeUo5MlkPWSrK06JIvXFlSHdZG0qXeX4xm42\ncCD7JN+HcXB1Vmc/aceyN51N7itmxc0RZZ+LWELp+5P2f3o6HqFkgsl1OmRk9mDd\nN+ni1bOTwfF438oq+Pzv2YXhJVQT0QIUEn5cky5e++wB0OZ3Y3boiAzMqHYF6Ze+\ndjLpjekjtPPjwVe6r19dmb6tTDdXIPc7GCkkCUvTpc20HfOqiOj90E8v8dYJ+Eqp\nwoE6ZTdqGSXaZY44vZE7LOXTHjbYSuENTGPKB4ILjEMtK+TPZPA8xl107N/mRIsV\n/wBDo8vo1fQLmAuSJ0O6qn6JXk/XdUs5uqxc1mSY4397qdM1MpKDq1wSpYljm2Nl\neGMpefw7J0x3q0ZgfU1CKUyNwEgslVKjqkYlmOk/5g4/e7VY3X8W9oPG+6GGc/s2\nMXF2CwR2NBTZUssRePJWXWQLDGPhfzrujPOm9AleQ5Z0gRADtj/fDPcGUhGXiEek\nYYhh4t8IYuUhnShLF98rsNYdSU3XydrkAeuRAF0zOODzfvhR70YhYEGsRGv4PdAN\nf3wzJK/+gZHJq1/ahPOW+ZHmw3KiQqrzJ5S4iDoeHQ3CTTeY+lzqOTwIYDCZgtx2\nFCSDi2cjBg23/1kaaarZbTBnDwFHGYPUTlrl3yZWegzRnJAcZShtz+6XPb0CAwEA\nAQKCAgAF73HqA1Y3EzJn+ktrE/myhT/w/uYCIZ61+saKbRtlUN07p1F5/TBIIQ5X\nl1IdQoRZhzgMVqSB7Wn/8eq0Dn83ZXd2Iyo5anrtCzJ/8+0spOpv46Y8AaTk0UA/\nza+VNKfs56m47k1QHTX5lT1mrmRYEARCeO1ELNn8ldyO36LETcH6aRUx5llJsVf/\nsegYaNhyuvPU7mmkIkYTyl3I9qLDivGInzDpkJFETXrbo4uvECD8+xvrN0k/OxIY\nvm7xdP6PdeJiUa+039sEPHqzAqjWhP+jO+MBqOo6lEbWul5Ce/5Ear1set5q0zeW\n8tlvkN/bo6qyjO+Hn0TxLyzkZskrMnc2ZtGJGiV4ZJNI6E9RMDjLfot8h4axEySY\noNWnj7XVfj/O/m+dUxKTAi2PsIv6IeFoDCtuS08CXOlWt+YYPlGeglq/e5zuABoi\nt5YCwVXxaveBif5ozvD56Q5EGUqRki6AvByb3qfO0YPPC3y6NxlpjXKCMiBsLpKC\n4jQrUkznPUMZrLU4mG6qa2BTvZup9cVgl3P/0VEoq5D8dT9Cf3y/tnz6xIOh1TKN\nHIGmS7jfJc7noUrmPp/wJoAZgTDfb2aM7lvZpUcasupENksNP5iEHvzUr83Zc71d\nTgttkBtvloNlPo/DoBtE5tEvz+ZXyyx6ecib30HBVw1ksk6jQQKCAQEA4GiF81AP\nzRAyevo2vpESDX8oBfXmcWgJ1sdGBLj6pmEGb2vCI7CUIIDeb9B4A9aVpvAIF3gi\nneH+o1ek/DdSWEHv4V+xqx8SqIIf5a5DTnRSXswhyYSLXB7D2AkRiXACMuWaRy38\nDf2uK3LrCf24sETkPbqqaa3nL6Ndr38sPrKsjqMpiTvO9ei4Gwir516TuURc49zb\nq38LHfuepf9L++IW63XOwYaWqbiQ3LOISjyelq3wb0qdSI5OaFRS6LhIDzQmZPro\nkNpcWCCVDndLzfyarWd6hDNc5um8ennhZWOLyNgO6di8JTsyAq4OB1P7+SdN5R5o\nNvDKmUboGGOXXQKCAQEA0HAvm7z7Nk7UoM4MUrtYKPVCd3K8WuAjRDEoI8rPxiE0\nvj9mZY2VdZfEaGoKq/nqFXRAVM4AjxapehquRhVi15mT0h0tccEjHcF/2nkMtBLF\nz1+agT44t8vdYIrX2ytVRDDDEMCWY2eU13C+MO4VcFOh84PbxJLUR6TRdtPigRI6\nQbzhgsPodkDnuqT0+4bCbCUGPaPBMTedNNO7HFEeQDKH5/XgGKxkjwwfgG8Jm1zW\nFWEc1Rr44BcbkLd7OyxX2Rj9S8SRF6QnL3fwtbrisTZnaGLNWoD46CRJUlDWyK1R\nySno21P99GK/cFoWZZzd9KVog1glAjC2+SwbR5G54QKCAQBZuRDNfpZCvBYi20Xm\nHaSlJtD+yRlxAFLmv9f77WWx/hsPk3sUv/YJpNzKwgQqLLK7Az+I+qyEiaZA8rrx\naMEQrpRVfOhRbeQM4bIVJ/6bMKD6bA2aP9dkZpyRFNchJ1qJtQlhKj6b7XCkyJa2\n8O3V9EV5dNfL1w8XGe9MSsGK8+9QPGZQC0ytP3XUwTvSDxtrOK0XIefmgq4UN9Vv\ns0pTFEtrqzeWYtR8WWH6DAITBHe38SWvqZqHNvacehKIH54YDhbHyxYPTG8dgTF3\njjUNz9CcQkJW9x5O6OdF5NM8sXdjPxd/YfufuzI8phDP10FoldFsKSMrzEyEyjfk\nAHW1AoIBABB4vRpmjceV5TGr9sdW7LmX4B/GXmIkEkViSRTDAzZaC2v5YKMn1CbN\nzoSd1KgQgNIfNLI+8UZdeRkgIKODLyNwjIDvM1co9xhz4SGnrTxRu3YOzQvnmd3U\na3Mkpbg5LWzNGa0qOvgyCE4aJ72AIwuUYFj5E5XuMH5U5QSp691dTmNBhOSrjKRD\nrsxOGtoBpT2ck2itlyfHiFHTZZbwRh62n4zSHlp0zSGMyLSCkdTIOlbILNoeXop+\n6Pu/tCpR78NFOUcSipC+tSYIKWqDEUUF0pgqLqY3SPQ3Yd/yaXbEU5E9EZy7f3cf\nkpdTVy/CfLvHkoHGpm4M4XjBZop6VqECggEBAJlJvGeLG108JbMmSPIep/IEaoVU\nDmeE+3CVpKyhjnrO+Qwc28YsSXkYdGZkC15liitQmya40RLoUF1q18prYR8a3FW8\naoIUe6JcewRcuaFT3K67puw2fueiGOwCAolTbFS7kJuT5DvPiOYnEiGec5U6iZ4B\njeafMilrlNb+XLIt0loh1BUx6QaxEFFK/6XPz8Lxvhc/kQ6yFN8pFt2/ze3G4bTV\nG/TXTs0KgaDKhw5GDRNRhtAbpXdDCwfWL5d7DXCmUoQwBrE63a/+bFeP3cEbvOCG\n8FVia0kXE6QM1pWDUQWfjMFDDOTvHW6QBB4nhBmfDJL0uUZWfTKcSj0TdmM=\n-----END RSA PRIVATE KEY-----\n",
            "content_base64": null,
            "content_base64sha256": "KF4R2E9o+BhJdNReM2ZotYHoF7KLv68sd33v6b48wMU=",
            "content_base64sha512": "l61a1dlUIW3qsJj2dyDb29q77H1c2x0fKGCdjiotyNudRLWiNachaio+OpKuyKUVqB47v5DCeSkWrYHBWNmytA==",
            "content_md5": "d3623e0e1baded212f4ce686aebc91b5",
            "content_sha1": "e0657500f849077ada2181bb6cea6c332c45a17f",
            "content_sha256": "285e11d84f68f8184974d45e336668b581e817b28bbfaf2c777defe9be3cc0c5",
            "content_sha512": "97ad5ad5d954216deab098f67720dbdbdabbec7d5cdb1d1f28609d8e2a2dc8db9d44b5a235a7216a2a3e3a92aec8a515a81e3bbf90c2792916ad81c158d9b2b4",
            "directory_permission": "0700",
            "file_permission": "0600",
            "filename": "./secrets/ec2-bastion-key-pair.pem",
            "id": "e0657500f849077ada2181bb6cea6c332c45a17f",
            "source": null
          },
          "sensitive_attributes": [
            [
              {
                "type": "get_attr",
                "value": "content"
              }
            ],
            [
              {
                "type": "get_attr",
                "value": "content_base64"
              }
            ]
          ],
          "dependencies": [
            "tls_private_key.ec2-bastion-host-key-pair"
          ]
        }
      ]
    },
    {
      "mode": "managed",
      "type": "tls_private_key",
      "name": "ec2-bastion-host-key-pair",
      "provider": "provider[\"registry.terraform.io/hashicorp/tls\"]",
      "instances": [
        {
          "schema_version": 1,
          "attributes": {
            "algorithm": "RSA",
            "ecdsa_curve": "P224",
            "id": "12b4764fcefaed6e5d9503ad74d6a5e4b04f5f45",
            "private_key_openssh": "-----BEGIN OPENSSH PRIVATE KEY-----\nb3BlbnNzaC1rZXktdjEAAAAABG5vbmUAAAAEbm9uZQAAAAAAAAABAAACFwAAAAdz\nc2gtcnNhAAAAAwEAAQAAAgEAtrdETAEJnABrKeUo5MlkPWSrK06JIvXFlSHdZG0q\nXeX4xm42cCD7JN+HcXB1Vmc/aceyN51N7itmxc0RZZ+LWELp+5P2f3o6HqFkgsl1\nOmRk9mDdN+ni1bOTwfF438oq+Pzv2YXhJVQT0QIUEn5cky5e++wB0OZ3Y3boiAzM\nqHYF6Ze+djLpjekjtPPjwVe6r19dmb6tTDdXIPc7GCkkCUvTpc20HfOqiOj90E8v\n8dYJ+EqpwoE6ZTdqGSXaZY44vZE7LOXTHjbYSuENTGPKB4ILjEMtK+TPZPA8xl10\n7N/mRIsV/wBDo8vo1fQLmAuSJ0O6qn6JXk/XdUs5uqxc1mSY4397qdM1MpKDq1wS\npYljm2NleGMpefw7J0x3q0ZgfU1CKUyNwEgslVKjqkYlmOk/5g4/e7VY3X8W9oPG\n+6GGc/s2MXF2CwR2NBTZUssRePJWXWQLDGPhfzrujPOm9AleQ5Z0gRADtj/fDPcG\nUhGXiEekYYhh4t8IYuUhnShLF98rsNYdSU3XydrkAeuRAF0zOODzfvhR70YhYEGs\nRGv4PdANf3wzJK/+gZHJq1/ahPOW+ZHmw3KiQqrzJ5S4iDoeHQ3CTTeY+lzqOTwI\nYDCZgtx2FCSDi2cjBg23/1kaaarZbTBnDwFHGYPUTlrl3yZWegzRnJAcZShtz+6X\nPb0AAAc4IJV3fSCVd30AAAAHc3NoLXJzYQAAAgEAtrdETAEJnABrKeUo5MlkPWSr\nK06JIvXFlSHdZG0qXeX4xm42cCD7JN+HcXB1Vmc/aceyN51N7itmxc0RZZ+LWELp\n+5P2f3o6HqFkgsl1OmRk9mDdN+ni1bOTwfF438oq+Pzv2YXhJVQT0QIUEn5cky5e\n++wB0OZ3Y3boiAzMqHYF6Ze+djLpjekjtPPjwVe6r19dmb6tTDdXIPc7GCkkCUvT\npc20HfOqiOj90E8v8dYJ+EqpwoE6ZTdqGSXaZY44vZE7LOXTHjbYSuENTGPKB4IL\njEMtK+TPZPA8xl107N/mRIsV/wBDo8vo1fQLmAuSJ0O6qn6JXk/XdUs5uqxc1mSY\n4397qdM1MpKDq1wSpYljm2NleGMpefw7J0x3q0ZgfU1CKUyNwEgslVKjqkYlmOk/\n5g4/e7VY3X8W9oPG+6GGc/s2MXF2CwR2NBTZUssRePJWXWQLDGPhfzrujPOm9Ale\nQ5Z0gRADtj/fDPcGUhGXiEekYYhh4t8IYuUhnShLF98rsNYdSU3XydrkAeuRAF0z\nOODzfvhR70YhYEGsRGv4PdANf3wzJK/+gZHJq1/ahPOW+ZHmw3KiQqrzJ5S4iDoe\nHQ3CTTeY+lzqOTwIYDCZgtx2FCSDi2cjBg23/1kaaarZbTBnDwFHGYPUTlrl3yZW\negzRnJAcZShtz+6XPb0AAAADAQABAAACAAXvceoDVjcTMmf6S2sT+bKFP/D+5gIh\nnrX6xoptG2VQ3TunUXn9MEghDleXUh1ChFmHOAxWpIHtaf/x6rQOfzdld3YjKjlq\neu0LMn/z7Syk6m/jpjwBpOTRQD/Nr5U0p+znqbjuTVAdNfmVPWauZFgQBEJ47UQs\n2fyV3I7fosRNwfppFTHmWUmxV/+x6Bho2HK689TuaaQiRhPKXcj2osOK8YifMOmQ\nkURNetuji68QIPz7G+s3ST87Ehi+bvF0/o914mJRr7Tf2wQ8erMCqNaE/6M74wGo\n6jqURta6XkJ7/kRqvWx63mrTN5by2W+Q39ujqrKM74efRPEvLORmySsydzZm0Yka\nJXhkk0joT1EwOMt+i3yHhrETJJig1aePtdV+P87+b51TEpMCLY+wi/oh4WgMK25L\nTwJc6Va35hg+UZ6CWr97nO4AGiK3lgLBVfFq94GJ/mjO8PnpDkQZSpGSLoC8HJve\np87Rg88LfLo3GWmNcoIyIGwukoLiNCtSTOc9QxmstTiYbqprYFO9m6n1xWCXc//R\nUSirkPx1P0J/fL+2fPrEg6HVMo0cgaZLuN8lzuehSuY+n/AmgBmBMN9vZozuW9ml\nRxqy6kQ2Sw0/mIQe/NSvzdlzvV1OC22QG2+Wg2U+j8OgG0Tm0S/P5lfLLHp5yJvf\nQcFXDWSyTqNBAAABAQCZSbxnixtdPCWzJkjyHqfyBGqFVA5nhPtwlaSsoY56zvkM\nHNvGLEl5GHRmZAteZYorUJsmuNES6FBdatfKa2EfGtxVvGqCFHuiXHsEXLmhU9yu\nu6bsNn7nohjsAgKJU2xUu5Cbk+Q7z4jmJxIhnnOVOomeAY3mnzIpa5TW/lyyLdJa\nIdQVMekGsRBRSv+lz8/C8b4XP5EOshTfKRbdv83txuG01Rv0107NCoGgyocORg0T\nUYbQG6V3QwsH1i+Xew1wplKEMAaxOt2v/mxXj93BG7zghvBVYmtJFxOkDNaVg1EF\nn4zBQwzk7x1ukAQeJ4QZnwyS9LlGVn0ynEo9E3ZjAAABAQDgaIXzUA/NEDJ6+ja+\nkRINfygF9eZxaAnWx0YEuPqmYQZva8IjsJQggN5v0HgD1pWm8AgXeCKd4f6jV6T8\nN1JYQe/hX7GrHxKogh/lrkNOdFJezCHJhItcHsPYCRGJcAIy5ZpHLfwN/a4rcusJ\n/biwROQ9uqpprecvo12vfyw+sqyOoymJO8716LgbCKvnXpO5RFzj3Nurfwsd+56l\n/0v74hbrdc7BhpapuJDcs4hKPJ6WrfBvSp1Ijk5oVFLouEgPNCZk+uiQ2lxYIJUO\nd0vN/JqtZ3qEM1zm6bx6eeFlY4vI2A7p2LwlOzICrg4HU/v5J03lHmg28MqZRugY\nY5ddAAABAQDQcC+bvPs2TtSgzgxSu1go9UJ3crxa4CNEMSgjys/GITS+P2ZljZV1\nl8Roagqr+eoVdEBUzgCPFql6Gq5GFWLXmZPSHS1xwSMdwX/aeQy0EsXPX5qBPji3\ny91gitfbK1VEMMMQwJZjZ5TXcL4w7hVwU6Hzg9vEktRHpNF20+KBEjpBvOGCw+h2\nQOe6pPT7hsJsJQY9o8ExN50007scUR5AMofn9eAYrGSPDB+AbwmbXNYVYRzVGvjg\nFxuQt3s7LFfZGP1LxJEXpCcvd/C1uuKxNmdoYs1agPjoJElSUNbIrVHJKejbU/30\nYr9wWhZlnN30pWiDWCUCMLb5LBtHkbnhAAAAAAEC\n-----END OPENSSH PRIVATE KEY-----\n",
            "private_key_pem": "-----BEGIN RSA PRIVATE KEY-----\nMIIJKAIBAAKCAgEAtrdETAEJnABrKeUo5MlkPWSrK06JIvXFlSHdZG0qXeX4xm42\ncCD7JN+HcXB1Vmc/aceyN51N7itmxc0RZZ+LWELp+5P2f3o6HqFkgsl1OmRk9mDd\nN+ni1bOTwfF438oq+Pzv2YXhJVQT0QIUEn5cky5e++wB0OZ3Y3boiAzMqHYF6Ze+\ndjLpjekjtPPjwVe6r19dmb6tTDdXIPc7GCkkCUvTpc20HfOqiOj90E8v8dYJ+Eqp\nwoE6ZTdqGSXaZY44vZE7LOXTHjbYSuENTGPKB4ILjEMtK+TPZPA8xl107N/mRIsV\n/wBDo8vo1fQLmAuSJ0O6qn6JXk/XdUs5uqxc1mSY4397qdM1MpKDq1wSpYljm2Nl\neGMpefw7J0x3q0ZgfU1CKUyNwEgslVKjqkYlmOk/5g4/e7VY3X8W9oPG+6GGc/s2\nMXF2CwR2NBTZUssRePJWXWQLDGPhfzrujPOm9AleQ5Z0gRADtj/fDPcGUhGXiEek\nYYhh4t8IYuUhnShLF98rsNYdSU3XydrkAeuRAF0zOODzfvhR70YhYEGsRGv4PdAN\nf3wzJK/+gZHJq1/ahPOW+ZHmw3KiQqrzJ5S4iDoeHQ3CTTeY+lzqOTwIYDCZgtx2\nFCSDi2cjBg23/1kaaarZbTBnDwFHGYPUTlrl3yZWegzRnJAcZShtz+6XPb0CAwEA\nAQKCAgAF73HqA1Y3EzJn+ktrE/myhT/w/uYCIZ61+saKbRtlUN07p1F5/TBIIQ5X\nl1IdQoRZhzgMVqSB7Wn/8eq0Dn83ZXd2Iyo5anrtCzJ/8+0spOpv46Y8AaTk0UA/\nza+VNKfs56m47k1QHTX5lT1mrmRYEARCeO1ELNn8ldyO36LETcH6aRUx5llJsVf/\nsegYaNhyuvPU7mmkIkYTyl3I9qLDivGInzDpkJFETXrbo4uvECD8+xvrN0k/OxIY\nvm7xdP6PdeJiUa+039sEPHqzAqjWhP+jO+MBqOo6lEbWul5Ce/5Ear1set5q0zeW\n8tlvkN/bo6qyjO+Hn0TxLyzkZskrMnc2ZtGJGiV4ZJNI6E9RMDjLfot8h4axEySY\noNWnj7XVfj/O/m+dUxKTAi2PsIv6IeFoDCtuS08CXOlWt+YYPlGeglq/e5zuABoi\nt5YCwVXxaveBif5ozvD56Q5EGUqRki6AvByb3qfO0YPPC3y6NxlpjXKCMiBsLpKC\n4jQrUkznPUMZrLU4mG6qa2BTvZup9cVgl3P/0VEoq5D8dT9Cf3y/tnz6xIOh1TKN\nHIGmS7jfJc7noUrmPp/wJoAZgTDfb2aM7lvZpUcasupENksNP5iEHvzUr83Zc71d\nTgttkBtvloNlPo/DoBtE5tEvz+ZXyyx6ecib30HBVw1ksk6jQQKCAQEA4GiF81AP\nzRAyevo2vpESDX8oBfXmcWgJ1sdGBLj6pmEGb2vCI7CUIIDeb9B4A9aVpvAIF3gi\nneH+o1ek/DdSWEHv4V+xqx8SqIIf5a5DTnRSXswhyYSLXB7D2AkRiXACMuWaRy38\nDf2uK3LrCf24sETkPbqqaa3nL6Ndr38sPrKsjqMpiTvO9ei4Gwir516TuURc49zb\nq38LHfuepf9L++IW63XOwYaWqbiQ3LOISjyelq3wb0qdSI5OaFRS6LhIDzQmZPro\nkNpcWCCVDndLzfyarWd6hDNc5um8ennhZWOLyNgO6di8JTsyAq4OB1P7+SdN5R5o\nNvDKmUboGGOXXQKCAQEA0HAvm7z7Nk7UoM4MUrtYKPVCd3K8WuAjRDEoI8rPxiE0\nvj9mZY2VdZfEaGoKq/nqFXRAVM4AjxapehquRhVi15mT0h0tccEjHcF/2nkMtBLF\nz1+agT44t8vdYIrX2ytVRDDDEMCWY2eU13C+MO4VcFOh84PbxJLUR6TRdtPigRI6\nQbzhgsPodkDnuqT0+4bCbCUGPaPBMTedNNO7HFEeQDKH5/XgGKxkjwwfgG8Jm1zW\nFWEc1Rr44BcbkLd7OyxX2Rj9S8SRF6QnL3fwtbrisTZnaGLNWoD46CRJUlDWyK1R\nySno21P99GK/cFoWZZzd9KVog1glAjC2+SwbR5G54QKCAQBZuRDNfpZCvBYi20Xm\nHaSlJtD+yRlxAFLmv9f77WWx/hsPk3sUv/YJpNzKwgQqLLK7Az+I+qyEiaZA8rrx\naMEQrpRVfOhRbeQM4bIVJ/6bMKD6bA2aP9dkZpyRFNchJ1qJtQlhKj6b7XCkyJa2\n8O3V9EV5dNfL1w8XGe9MSsGK8+9QPGZQC0ytP3XUwTvSDxtrOK0XIefmgq4UN9Vv\ns0pTFEtrqzeWYtR8WWH6DAITBHe38SWvqZqHNvacehKIH54YDhbHyxYPTG8dgTF3\njjUNz9CcQkJW9x5O6OdF5NM8sXdjPxd/YfufuzI8phDP10FoldFsKSMrzEyEyjfk\nAHW1AoIBABB4vRpmjceV5TGr9sdW7LmX4B/GXmIkEkViSRTDAzZaC2v5YKMn1CbN\nzoSd1KgQgNIfNLI+8UZdeRkgIKODLyNwjIDvM1co9xhz4SGnrTxRu3YOzQvnmd3U\na3Mkpbg5LWzNGa0qOvgyCE4aJ72AIwuUYFj5E5XuMH5U5QSp691dTmNBhOSrjKRD\nrsxOGtoBpT2ck2itlyfHiFHTZZbwRh62n4zSHlp0zSGMyLSCkdTIOlbILNoeXop+\n6Pu/tCpR78NFOUcSipC+tSYIKWqDEUUF0pgqLqY3SPQ3Yd/yaXbEU5E9EZy7f3cf\nkpdTVy/CfLvHkoHGpm4M4XjBZop6VqECggEBAJlJvGeLG108JbMmSPIep/IEaoVU\nDmeE+3CVpKyhjnrO+Qwc28YsSXkYdGZkC15liitQmya40RLoUF1q18prYR8a3FW8\naoIUe6JcewRcuaFT3K67puw2fueiGOwCAolTbFS7kJuT5DvPiOYnEiGec5U6iZ4B\njeafMilrlNb+XLIt0loh1BUx6QaxEFFK/6XPz8Lxvhc/kQ6yFN8pFt2/ze3G4bTV\nG/TXTs0KgaDKhw5GDRNRhtAbpXdDCwfWL5d7DXCmUoQwBrE63a/+bFeP3cEbvOCG\n8FVia0kXE6QM1pWDUQWfjMFDDOTvHW6QBB4nhBmfDJL0uUZWfTKcSj0TdmM=\n-----END RSA PRIVATE KEY-----\n",
            "private_key_pem_pkcs8": "-----BEGIN PRIVATE KEY-----\nMIIJQgIBADANBgkqhkiG9w0BAQEFAASCCSwwggkoAgEAAoICAQC2t0RMAQmcAGsp\n5SjkyWQ9ZKsrToki9cWVId1kbSpd5fjGbjZwIPsk34dxcHVWZz9px7I3nU3uK2bF\nzRFln4tYQun7k/Z/ejoeoWSCyXU6ZGT2YN036eLVs5PB8Xjfyir4/O/ZheElVBPR\nAhQSflyTLl777AHQ5ndjduiIDMyodgXpl752MumN6SO08+PBV7qvX12Zvq1MN1cg\n9zsYKSQJS9OlzbQd86qI6P3QTy/x1gn4SqnCgTplN2oZJdpljji9kTss5dMeNthK\n4Q1MY8oHgguMQy0r5M9k8DzGXXTs3+ZEixX/AEOjy+jV9AuYC5InQ7qqfoleT9d1\nSzm6rFzWZJjjf3up0zUykoOrXBKliWObY2V4Yyl5/DsnTHerRmB9TUIpTI3ASCyV\nUqOqRiWY6T/mDj97tVjdfxb2g8b7oYZz+zYxcXYLBHY0FNlSyxF48lZdZAsMY+F/\nOu6M86b0CV5DlnSBEAO2P98M9wZSEZeIR6RhiGHi3whi5SGdKEsX3yuw1h1JTdfJ\n2uQB65EAXTM44PN++FHvRiFgQaxEa/g90A1/fDMkr/6BkcmrX9qE85b5kebDcqJC\nqvMnlLiIOh4dDcJNN5j6XOo5PAhgMJmC3HYUJIOLZyMGDbf/WRppqtltMGcPAUcZ\ng9ROWuXfJlZ6DNGckBxlKG3P7pc9vQIDAQABAoICAAXvceoDVjcTMmf6S2sT+bKF\nP/D+5gIhnrX6xoptG2VQ3TunUXn9MEghDleXUh1ChFmHOAxWpIHtaf/x6rQOfzdl\nd3YjKjlqeu0LMn/z7Syk6m/jpjwBpOTRQD/Nr5U0p+znqbjuTVAdNfmVPWauZFgQ\nBEJ47UQs2fyV3I7fosRNwfppFTHmWUmxV/+x6Bho2HK689TuaaQiRhPKXcj2osOK\n8YifMOmQkURNetuji68QIPz7G+s3ST87Ehi+bvF0/o914mJRr7Tf2wQ8erMCqNaE\n/6M74wGo6jqURta6XkJ7/kRqvWx63mrTN5by2W+Q39ujqrKM74efRPEvLORmySsy\ndzZm0YkaJXhkk0joT1EwOMt+i3yHhrETJJig1aePtdV+P87+b51TEpMCLY+wi/oh\n4WgMK25LTwJc6Va35hg+UZ6CWr97nO4AGiK3lgLBVfFq94GJ/mjO8PnpDkQZSpGS\nLoC8HJvep87Rg88LfLo3GWmNcoIyIGwukoLiNCtSTOc9QxmstTiYbqprYFO9m6n1\nxWCXc//RUSirkPx1P0J/fL+2fPrEg6HVMo0cgaZLuN8lzuehSuY+n/AmgBmBMN9v\nZozuW9mlRxqy6kQ2Sw0/mIQe/NSvzdlzvV1OC22QG2+Wg2U+j8OgG0Tm0S/P5lfL\nLHp5yJvfQcFXDWSyTqNBAoIBAQDgaIXzUA/NEDJ6+ja+kRINfygF9eZxaAnWx0YE\nuPqmYQZva8IjsJQggN5v0HgD1pWm8AgXeCKd4f6jV6T8N1JYQe/hX7GrHxKogh/l\nrkNOdFJezCHJhItcHsPYCRGJcAIy5ZpHLfwN/a4rcusJ/biwROQ9uqpprecvo12v\nfyw+sqyOoymJO8716LgbCKvnXpO5RFzj3Nurfwsd+56l/0v74hbrdc7BhpapuJDc\ns4hKPJ6WrfBvSp1Ijk5oVFLouEgPNCZk+uiQ2lxYIJUOd0vN/JqtZ3qEM1zm6bx6\neeFlY4vI2A7p2LwlOzICrg4HU/v5J03lHmg28MqZRugYY5ddAoIBAQDQcC+bvPs2\nTtSgzgxSu1go9UJ3crxa4CNEMSgjys/GITS+P2ZljZV1l8Roagqr+eoVdEBUzgCP\nFql6Gq5GFWLXmZPSHS1xwSMdwX/aeQy0EsXPX5qBPji3y91gitfbK1VEMMMQwJZj\nZ5TXcL4w7hVwU6Hzg9vEktRHpNF20+KBEjpBvOGCw+h2QOe6pPT7hsJsJQY9o8Ex\nN50007scUR5AMofn9eAYrGSPDB+AbwmbXNYVYRzVGvjgFxuQt3s7LFfZGP1LxJEX\npCcvd/C1uuKxNmdoYs1agPjoJElSUNbIrVHJKejbU/30Yr9wWhZlnN30pWiDWCUC\nMLb5LBtHkbnhAoIBAFm5EM1+lkK8FiLbReYdpKUm0P7JGXEAUua/1/vtZbH+Gw+T\nexS/9gmk3MrCBCossrsDP4j6rISJpkDyuvFowRCulFV86FFt5AzhshUn/pswoPps\nDZo/12RmnJEU1yEnWom1CWEqPpvtcKTIlrbw7dX0RXl018vXDxcZ70xKwYrz71A8\nZlALTK0/ddTBO9IPG2s4rRch5+aCrhQ31W+zSlMUS2urN5Zi1HxZYfoMAhMEd7fx\nJa+pmoc29px6EogfnhgOFsfLFg9Mbx2BMXeONQ3P0JxCQlb3Hk7o50Xk0zyxd2M/\nF39h+5+7MjymEM/XQWiV0WwpIyvMTITKN+QAdbUCggEAEHi9GmaNx5XlMav2x1bs\nuZfgH8ZeYiQSRWJJFMMDNloLa/lgoyfUJs3OhJ3UqBCA0h80sj7xRl15GSAgo4Mv\nI3CMgO8zVyj3GHPhIaetPFG7dg7NC+eZ3dRrcySluDktbM0ZrSo6+DIIThonvYAj\nC5RgWPkTle4wflTlBKnr3V1OY0GE5KuMpEOuzE4a2gGlPZyTaK2XJ8eIUdNllvBG\nHrafjNIeWnTNIYzItIKR1Mg6Vsgs2h5ein7o+7+0KlHvw0U5RxKKkL61JggpaoMR\nRQXSmCoupjdI9Ddh3/JpdsRTkT0RnLt/dx+Sl1NXL8J8u8eSgcambgzheMFminpW\noQKCAQEAmUm8Z4sbXTwlsyZI8h6n8gRqhVQOZ4T7cJWkrKGOes75DBzbxixJeRh0\nZmQLXmWKK1CbJrjREuhQXWrXymthHxrcVbxqghR7olx7BFy5oVPcrrum7DZ+56IY\n7AICiVNsVLuQm5PkO8+I5icSIZ5zlTqJngGN5p8yKWuU1v5csi3SWiHUFTHpBrEQ\nUUr/pc/PwvG+Fz+RDrIU3ykW3b/N7cbhtNUb9NdOzQqBoMqHDkYNE1GG0Buld0ML\nB9Yvl3sNcKZShDAGsTrdr/5sV4/dwRu84IbwVWJrSRcTpAzWlYNRBZ+MwUMM5O8d\nbpAEHieEGZ8MkvS5RlZ9MpxKPRN2Yw==\n-----END PRIVATE KEY-----\n",
            "public_key_fingerprint_md5": "2f:ec:fa:95:ec:c9:9a:58:f8:b9:ac:28:4d:55:61:64",
            "public_key_fingerprint_sha256": "SHA256:4FhidPdEeI6R0+TOBBs8di915/TUr7DygGrgEoYFbAU",
            "public_key_openssh": "ssh-rsa AAAAB3NzaC1yc2EAAAADAQABAAACAQC2t0RMAQmcAGsp5SjkyWQ9ZKsrToki9cWVId1kbSpd5fjGbjZwIPsk34dxcHVWZz9px7I3nU3uK2bFzRFln4tYQun7k/Z/ejoeoWSCyXU6ZGT2YN036eLVs5PB8Xjfyir4/O/ZheElVBPRAhQSflyTLl777AHQ5ndjduiIDMyodgXpl752MumN6SO08+PBV7qvX12Zvq1MN1cg9zsYKSQJS9OlzbQd86qI6P3QTy/x1gn4SqnCgTplN2oZJdpljji9kTss5dMeNthK4Q1MY8oHgguMQy0r5M9k8DzGXXTs3+ZEixX/AEOjy+jV9AuYC5InQ7qqfoleT9d1Szm6rFzWZJjjf3up0zUykoOrXBKliWObY2V4Yyl5/DsnTHerRmB9TUIpTI3ASCyVUqOqRiWY6T/mDj97tVjdfxb2g8b7oYZz+zYxcXYLBHY0FNlSyxF48lZdZAsMY+F/Ou6M86b0CV5DlnSBEAO2P98M9wZSEZeIR6RhiGHi3whi5SGdKEsX3yuw1h1JTdfJ2uQB65EAXTM44PN++FHvRiFgQaxEa/g90A1/fDMkr/6BkcmrX9qE85b5kebDcqJCqvMnlLiIOh4dDcJNN5j6XOo5PAhgMJmC3HYUJIOLZyMGDbf/WRppqtltMGcPAUcZg9ROWuXfJlZ6DNGckBxlKG3P7pc9vQ==\n",
            "public_key_pem": "-----BEGIN PUBLIC KEY-----\nMIICIjANBgkqhkiG9w0BAQEFAAOCAg8AMIICCgKCAgEAtrdETAEJnABrKeUo5Mlk\nPWSrK06JIvXFlSHdZG0qXeX4xm42cCD7JN+HcXB1Vmc/aceyN51N7itmxc0RZZ+L\nWELp+5P2f3o6HqFkgsl1OmRk9mDdN+ni1bOTwfF438oq+Pzv2YXhJVQT0QIUEn5c\nky5e++wB0OZ3Y3boiAzMqHYF6Ze+djLpjekjtPPjwVe6r19dmb6tTDdXIPc7GCkk\nCUvTpc20HfOqiOj90E8v8dYJ+EqpwoE6ZTdqGSXaZY44vZE7LOXTHjbYSuENTGPK\nB4ILjEMtK+TPZPA8xl107N/mRIsV/wBDo8vo1fQLmAuSJ0O6qn6JXk/XdUs5uqxc\n1mSY4397qdM1MpKDq1wSpYljm2NleGMpefw7J0x3q0ZgfU1CKUyNwEgslVKjqkYl\nmOk/5g4/e7VY3X8W9oPG+6GGc/s2MXF2CwR2NBTZUssRePJWXWQLDGPhfzrujPOm\n9AleQ5Z0gRADtj/fDPcGUhGXiEekYYhh4t8IYuUhnShLF98rsNYdSU3XydrkAeuR\nAF0zOODzfvhR70YhYEGsRGv4PdANf3wzJK/+gZHJq1/ahPOW+ZHmw3KiQqrzJ5S4\niDoeHQ3CTTeY+lzqOTwIYDCZgtx2FCSDi2cjBg23/1kaaarZbTBnDwFHGYPUTlrl\n3yZWegzRnJAcZShtz+6XPb0CAwEAAQ==\n-----END PUBLIC KEY-----\n",
            "rsa_bits": 4096
          },
          "sensitive_attributes": [
            [
              {
                "type": "get_attr",
                "value": "private_key_pem_pkcs8"
              }
            ],
            [
              {
                "type": "get_attr",
                "value": "private_key_pem"
              }
            ],
            [
              {
                "type": "get_attr",
                "value": "private_key_openssh"
              }
            ]
          ]
        }
      ]
    }
  ],
  "check_results": null
}
